// !$*UTF8*$!
{
	archiveVersion = 1;
	classes = {
	};
	objectVersion = 46;
	objects = {

/* Begin PBXBuildFile section */
		635FC6E1625E411B80821419 /* Pods_Knock_0319.framework in Frameworks */ = {isa = PBXBuildFile; fileRef = 485816C9EFA823F8200BF4C3 /* Pods_Knock_0319.framework */; settings = {ATTRIBUTES = (Weak, ); }; };
		AC02C1031B1B2E8C002D08A7 /* Singleton.swift in Sources */ = {isa = PBXBuildFile; fileRef = AC02C1021B1B2E8C002D08A7 /* Singleton.swift */; };
		AC05DA3D1B1112AF00E71C8F /* Articleinfo.swift in Sources */ = {isa = PBXBuildFile; fileRef = AC05DA3C1B1112AF00E71C8F /* Articleinfo.swift */; };
		AC05DA401B11A0D100E71C8F /* TopTableViewCell.swift in Sources */ = {isa = PBXBuildFile; fileRef = AC05DA3F1B11A0D100E71C8F /* TopTableViewCell.swift */; };
		AC05DA421B11B02900E71C8F /* LastTableViewCell.swift in Sources */ = {isa = PBXBuildFile; fileRef = AC05DA411B11B02900E71C8F /* LastTableViewCell.swift */; };
		AC05DA441B11B08300E71C8F /* ContentTableViewCell.swift in Sources */ = {isa = PBXBuildFile; fileRef = AC05DA431B11B08300E71C8F /* ContentTableViewCell.swift */; };
		AC05DA461B11B8B000E71C8F /* PushTableViewCell.swift in Sources */ = {isa = PBXBuildFile; fileRef = AC05DA451B11B8B000E71C8F /* PushTableViewCell.swift */; };
		AC05DA481B18713F00E71C8F /* ArticlePageViewController.swift in Sources */ = {isa = PBXBuildFile; fileRef = AC05DA471B18713E00E71C8F /* ArticlePageViewController.swift */; };
		AC05DA4D1B19CC5E00E71C8F /* HeaderTableViewCell.swift in Sources */ = {isa = PBXBuildFile; fileRef = AC05DA4C1B19CC5E00E71C8F /* HeaderTableViewCell.swift */; };
		AC086F831ADAC7700057E104 /* AudioToolbox.framework in Frameworks */ = {isa = PBXBuildFile; fileRef = AC086F821ADAC7700057E104 /* AudioToolbox.framework */; };
		AC12C58B1B02EFBF0090573D /* BoardPageViewController.swift in Sources */ = {isa = PBXBuildFile; fileRef = AC12C58A1B02EFBF0090573D /* BoardPageViewController.swift */; };
		AC12C58D1B02EFDB0090573D /* FavorPageViewController.swift in Sources */ = {isa = PBXBuildFile; fileRef = AC12C58C1B02EFDB0090573D /* FavorPageViewController.swift */; };
		AC12C58F1B02F27C0090573D /* FollowerPageViewController.swift in Sources */ = {isa = PBXBuildFile; fileRef = AC12C58E1B02F27C0090573D /* FollowerPageViewController.swift */; };
		AC12C5911B02F2D90090573D /* FollowingPageViewController.swift in Sources */ = {isa = PBXBuildFile; fileRef = AC12C5901B02F2D90090573D /* FollowingPageViewController.swift */; };
		AC12C5931B0316BA0090573D /* ProfileViewController.swift in Sources */ = {isa = PBXBuildFile; fileRef = AC12C5921B0316BA0090573D /* ProfileViewController.swift */; };
		AC12C5961B03987D0090573D /* IntroViewController.swift in Sources */ = {isa = PBXBuildFile; fileRef = AC12C5951B03987D0090573D /* IntroViewController.swift */; };
		AC12C5981B0398A60090573D /* IntroPageViewController.swift in Sources */ = {isa = PBXBuildFile; fileRef = AC12C5971B0398A60090573D /* IntroPageViewController.swift */; };
		AC12C59A1B04477B0090573D /* LoginViewController.swift in Sources */ = {isa = PBXBuildFile; fileRef = AC12C5991B04477B0090573D /* LoginViewController.swift */; };
		AC12C59E1B0729520090573D /* MainTabBarViewController.swift in Sources */ = {isa = PBXBuildFile; fileRef = AC12C59D1B0729520090573D /* MainTabBarViewController.swift */; };
		AC2327A11AD3B84500B06354 /* Buble.swift in Sources */ = {isa = PBXBuildFile; fileRef = AC2327A01AD3B84500B06354 /* Buble.swift */; };
		AC5018F81ADF7B7500CBAF14 /* textViewController.swift in Sources */ = {isa = PBXBuildFile; fileRef = AC5018F71ADF7B7500CBAF14 /* textViewController.swift */; };
		AC623B8A1ACBDDF200221DB7 /* Messageinfo.swift in Sources */ = {isa = PBXBuildFile; fileRef = AC623B891ACBDDF200221DB7 /* Messageinfo.swift */; };
		AC6A345F1ABC3BDA00AD1CC7 /* AppDelegate.swift in Sources */ = {isa = PBXBuildFile; fileRef = AC6A345E1ABC3BDA00AD1CC7 /* AppDelegate.swift */; };
		AC6A34611ABC3BDA00AD1CC7 /* FirstViewController.swift in Sources */ = {isa = PBXBuildFile; fileRef = AC6A34601ABC3BDA00AD1CC7 /* FirstViewController.swift */; };
		AC6A34631ABC3BDA00AD1CC7 /* SecondViewController.swift in Sources */ = {isa = PBXBuildFile; fileRef = AC6A34621ABC3BDA00AD1CC7 /* SecondViewController.swift */; };
		AC6A34661ABC3BDA00AD1CC7 /* Main.storyboard in Resources */ = {isa = PBXBuildFile; fileRef = AC6A34641ABC3BDA00AD1CC7 /* Main.storyboard */; };
		AC6A34681ABC3BDA00AD1CC7 /* Images.xcassets in Resources */ = {isa = PBXBuildFile; fileRef = AC6A34671ABC3BDA00AD1CC7 /* Images.xcassets */; };
		AC6A346B1ABC3BDA00AD1CC7 /* LaunchScreen.xib in Resources */ = {isa = PBXBuildFile; fileRef = AC6A34691ABC3BDA00AD1CC7 /* LaunchScreen.xib */; };
		AC6A34771ABC3BDB00AD1CC7 /* Knock_0319Tests.swift in Sources */ = {isa = PBXBuildFile; fileRef = AC6A34761ABC3BDB00AD1CC7 /* Knock_0319Tests.swift */; };
		AC6A34811ABC42E500AD1CC7 /* Roominfo.swift in Sources */ = {isa = PBXBuildFile; fileRef = AC6A34801ABC42E500AD1CC7 /* Roominfo.swift */; };
		AC6A34851ABC43A100AD1CC7 /* RoomListTableViewCell.swift in Sources */ = {isa = PBXBuildFile; fileRef = AC6A34841ABC43A100AD1CC7 /* RoomListTableViewCell.swift */; };
		AC6A34881ABC460C00AD1CC7 /* Knock_0319.xcdatamodeld in Sources */ = {isa = PBXBuildFile; fileRef = AC6A34861ABC460C00AD1CC7 /* Knock_0319.xcdatamodeld */; };
		AC6A35241ABC955200AD1CC7 /* Network.swift in Sources */ = {isa = PBXBuildFile; fileRef = AC6A35231ABC955200AD1CC7 /* Network.swift */; };
		AC6A352F1ABE20D300AD1CC7 /* SwiftyJSON.swift in Sources */ = {isa = PBXBuildFile; fileRef = AC6A352E1ABE20D300AD1CC7 /* SwiftyJSON.swift */; };
		AC6A8C8B1ACBCEF1006EACA3 /* ChatRoomViewController.swift in Sources */ = {isa = PBXBuildFile; fileRef = AC6A8C8A1ACBCEF1006EACA3 /* ChatRoomViewController.swift */; };
		AC86526F1B00FA6C0075C00C /* Titleinfo.swift in Sources */ = {isa = PBXBuildFile; fileRef = AC86526E1B00FA6C0075C00C /* Titleinfo.swift */; };
		AC8652771B0266B30075C00C /* StartPageViewController.swift in Sources */ = {isa = PBXBuildFile; fileRef = AC8652761B0266B30075C00C /* StartPageViewController.swift */; };
		ACE363D51B0A0B610072AA11 /* DetailTitleViewController.swift in Sources */ = {isa = PBXBuildFile; fileRef = ACE363D41B0A0B610072AA11 /* DetailTitleViewController.swift */; };
		ACE363DD1B0B93F50072AA11 /* MainTableViewCell.swift in Sources */ = {isa = PBXBuildFile; fileRef = ACE363DC1B0B93F50072AA11 /* MainTableViewCell.swift */; };
		ACE4D6111B22AA7E00871CFA /* TitleCollectionViewCell.swift in Sources */ = {isa = PBXBuildFile; fileRef = ACE4D6101B22AA7E00871CFA /* TitleCollectionViewCell.swift */; };
		ACE4D6131B22AAB200871CFA /* SearchViewController.swift in Sources */ = {isa = PBXBuildFile; fileRef = ACE4D6121B22AAB200871CFA /* SearchViewController.swift */; };
		ACE4D6151B22AC4800871CFA /* CollectionTableViewCell.swift in Sources */ = {isa = PBXBuildFile; fileRef = ACE4D6141B22AC4800871CFA /* CollectionTableViewCell.swift */; };
		ACE4D6171B22B2D000871CFA /* Boardinfo.swift in Sources */ = {isa = PBXBuildFile; fileRef = ACE4D6161B22B2D000871CFA /* Boardinfo.swift */; };
		ACE4D61A1B25825400871CFA /* SmallTableViewController.swift in Sources */ = {isa = PBXBuildFile; fileRef = ACE4D6191B25825400871CFA /* SmallTableViewController.swift */; };
		ACE4D61C1B259D2C00871CFA /* SmallTableViewCell.swift in Sources */ = {isa = PBXBuildFile; fileRef = ACE4D61B1B259D2C00871CFA /* SmallTableViewCell.swift */; };
		ACE6BE261B0DCEFB0059FCE4 /* MainViewController.swift in Sources */ = {isa = PBXBuildFile; fileRef = ACE6BE251B0DCEFB0059FCE4 /* MainViewController.swift */; };
		ACF8D0BD1AC6A803003C93D2 /* Userinfo.swift in Sources */ = {isa = PBXBuildFile; fileRef = ACF8D0BC1AC6A803003C93D2 /* Userinfo.swift */; };
/* End PBXBuildFile section */

/* Begin PBXContainerItemProxy section */
		AC6A34711ABC3BDB00AD1CC7 /* PBXContainerItemProxy */ = {
			isa = PBXContainerItemProxy;
			containerPortal = AC6A34511ABC3BDA00AD1CC7 /* Project object */;
			proxyType = 1;
			remoteGlobalIDString = AC6A34581ABC3BDA00AD1CC7;
			remoteInfo = Knock_0319;
		};
/* End PBXContainerItemProxy section */

/* Begin PBXFileReference section */
		08027CB4A6221590764672F7 /* Pods-Knock_0319.debug.xcconfig */ = {isa = PBXFileReference; includeInIndex = 1; lastKnownFileType = text.xcconfig; name = "Pods-Knock_0319.debug.xcconfig"; path = "Pods/Target Support Files/Pods-Knock_0319/Pods-Knock_0319.debug.xcconfig"; sourceTree = "<group>"; };
		485816C9EFA823F8200BF4C3 /* Pods_Knock_0319.framework */ = {isa = PBXFileReference; explicitFileType = wrapper.framework; includeInIndex = 0; path = Pods_Knock_0319.framework; sourceTree = BUILT_PRODUCTS_DIR; };
		A4CB16A76A8E69F34D1DF629 /* Pods-Knock_0319.release.xcconfig */ = {isa = PBXFileReference; includeInIndex = 1; lastKnownFileType = text.xcconfig; name = "Pods-Knock_0319.release.xcconfig"; path = "Pods/Target Support Files/Pods-Knock_0319/Pods-Knock_0319.release.xcconfig"; sourceTree = "<group>"; };
		AC02C1021B1B2E8C002D08A7 /* Singleton.swift */ = {isa = PBXFileReference; fileEncoding = 4; lastKnownFileType = sourcecode.swift; path = Singleton.swift; sourceTree = "<group>"; };
		AC05DA3C1B1112AF00E71C8F /* Articleinfo.swift */ = {isa = PBXFileReference; fileEncoding = 4; lastKnownFileType = sourcecode.swift; path = Articleinfo.swift; sourceTree = "<group>"; };
		AC05DA3F1B11A0D100E71C8F /* TopTableViewCell.swift */ = {isa = PBXFileReference; fileEncoding = 4; lastKnownFileType = sourcecode.swift; path = TopTableViewCell.swift; sourceTree = "<group>"; };
		AC05DA411B11B02900E71C8F /* LastTableViewCell.swift */ = {isa = PBXFileReference; fileEncoding = 4; lastKnownFileType = sourcecode.swift; path = LastTableViewCell.swift; sourceTree = "<group>"; };
		AC05DA431B11B08300E71C8F /* ContentTableViewCell.swift */ = {isa = PBXFileReference; fileEncoding = 4; lastKnownFileType = sourcecode.swift; path = ContentTableViewCell.swift; sourceTree = "<group>"; };
		AC05DA451B11B8B000E71C8F /* PushTableViewCell.swift */ = {isa = PBXFileReference; fileEncoding = 4; lastKnownFileType = sourcecode.swift; path = PushTableViewCell.swift; sourceTree = "<group>"; };
		AC05DA471B18713E00E71C8F /* ArticlePageViewController.swift */ = {isa = PBXFileReference; fileEncoding = 4; lastKnownFileType = sourcecode.swift; path = ArticlePageViewController.swift; sourceTree = "<group>"; };
		AC05DA4C1B19CC5E00E71C8F /* HeaderTableViewCell.swift */ = {isa = PBXFileReference; fileEncoding = 4; lastKnownFileType = sourcecode.swift; path = HeaderTableViewCell.swift; sourceTree = "<group>"; };
		AC086F821ADAC7700057E104 /* AudioToolbox.framework */ = {isa = PBXFileReference; lastKnownFileType = wrapper.framework; name = AudioToolbox.framework; path = System/Library/Frameworks/AudioToolbox.framework; sourceTree = SDKROOT; };
		AC12C58A1B02EFBF0090573D /* BoardPageViewController.swift */ = {isa = PBXFileReference; fileEncoding = 4; lastKnownFileType = sourcecode.swift; path = BoardPageViewController.swift; sourceTree = "<group>"; };
		AC12C58C1B02EFDB0090573D /* FavorPageViewController.swift */ = {isa = PBXFileReference; fileEncoding = 4; lastKnownFileType = sourcecode.swift; path = FavorPageViewController.swift; sourceTree = "<group>"; };
		AC12C58E1B02F27C0090573D /* FollowerPageViewController.swift */ = {isa = PBXFileReference; fileEncoding = 4; lastKnownFileType = sourcecode.swift; path = FollowerPageViewController.swift; sourceTree = "<group>"; };
		AC12C5901B02F2D90090573D /* FollowingPageViewController.swift */ = {isa = PBXFileReference; fileEncoding = 4; lastKnownFileType = sourcecode.swift; path = FollowingPageViewController.swift; sourceTree = "<group>"; };
		AC12C5921B0316BA0090573D /* ProfileViewController.swift */ = {isa = PBXFileReference; fileEncoding = 4; lastKnownFileType = sourcecode.swift; path = ProfileViewController.swift; sourceTree = "<group>"; };
		AC12C5951B03987D0090573D /* IntroViewController.swift */ = {isa = PBXFileReference; fileEncoding = 4; lastKnownFileType = sourcecode.swift; path = IntroViewController.swift; sourceTree = "<group>"; };
		AC12C5971B0398A60090573D /* IntroPageViewController.swift */ = {isa = PBXFileReference; fileEncoding = 4; lastKnownFileType = sourcecode.swift; path = IntroPageViewController.swift; sourceTree = "<group>"; };
		AC12C5991B04477B0090573D /* LoginViewController.swift */ = {isa = PBXFileReference; fileEncoding = 4; lastKnownFileType = sourcecode.swift; path = LoginViewController.swift; sourceTree = "<group>"; };
		AC12C59D1B0729520090573D /* MainTabBarViewController.swift */ = {isa = PBXFileReference; fileEncoding = 4; lastKnownFileType = sourcecode.swift; path = MainTabBarViewController.swift; sourceTree = "<group>"; };
		AC2327A01AD3B84500B06354 /* Buble.swift */ = {isa = PBXFileReference; fileEncoding = 4; lastKnownFileType = sourcecode.swift; path = Buble.swift; sourceTree = "<group>"; };
		AC5018F71ADF7B7500CBAF14 /* textViewController.swift */ = {isa = PBXFileReference; fileEncoding = 4; lastKnownFileType = sourcecode.swift; path = textViewController.swift; sourceTree = "<group>"; };
		AC623B891ACBDDF200221DB7 /* Messageinfo.swift */ = {isa = PBXFileReference; fileEncoding = 4; lastKnownFileType = sourcecode.swift; path = Messageinfo.swift; sourceTree = "<group>"; };
		AC6A34591ABC3BDA00AD1CC7 /* Knock_0319.app */ = {isa = PBXFileReference; explicitFileType = wrapper.application; includeInIndex = 0; path = Knock_0319.app; sourceTree = BUILT_PRODUCTS_DIR; };
		AC6A345D1ABC3BDA00AD1CC7 /* Info.plist */ = {isa = PBXFileReference; lastKnownFileType = text.plist.xml; path = Info.plist; sourceTree = "<group>"; };
		AC6A345E1ABC3BDA00AD1CC7 /* AppDelegate.swift */ = {isa = PBXFileReference; lastKnownFileType = sourcecode.swift; path = AppDelegate.swift; sourceTree = "<group>"; };
		AC6A34601ABC3BDA00AD1CC7 /* FirstViewController.swift */ = {isa = PBXFileReference; lastKnownFileType = sourcecode.swift; path = FirstViewController.swift; sourceTree = "<group>"; };
		AC6A34621ABC3BDA00AD1CC7 /* SecondViewController.swift */ = {isa = PBXFileReference; lastKnownFileType = sourcecode.swift; path = SecondViewController.swift; sourceTree = "<group>"; };
		AC6A34651ABC3BDA00AD1CC7 /* Base */ = {isa = PBXFileReference; lastKnownFileType = file.storyboard; name = Base; path = Base.lproj/Main.storyboard; sourceTree = "<group>"; };
		AC6A34671ABC3BDA00AD1CC7 /* Images.xcassets */ = {isa = PBXFileReference; lastKnownFileType = folder.assetcatalog; path = Images.xcassets; sourceTree = "<group>"; };
		AC6A346A1ABC3BDA00AD1CC7 /* Base */ = {isa = PBXFileReference; lastKnownFileType = file.xib; name = Base; path = Base.lproj/LaunchScreen.xib; sourceTree = "<group>"; };
		AC6A34701ABC3BDB00AD1CC7 /* Knock_0319Tests.xctest */ = {isa = PBXFileReference; explicitFileType = wrapper.cfbundle; includeInIndex = 0; path = Knock_0319Tests.xctest; sourceTree = BUILT_PRODUCTS_DIR; };
		AC6A34751ABC3BDB00AD1CC7 /* Info.plist */ = {isa = PBXFileReference; lastKnownFileType = text.plist.xml; path = Info.plist; sourceTree = "<group>"; };
		AC6A34761ABC3BDB00AD1CC7 /* Knock_0319Tests.swift */ = {isa = PBXFileReference; lastKnownFileType = sourcecode.swift; path = Knock_0319Tests.swift; sourceTree = "<group>"; };
		AC6A34801ABC42E500AD1CC7 /* Roominfo.swift */ = {isa = PBXFileReference; fileEncoding = 4; lastKnownFileType = sourcecode.swift; path = Roominfo.swift; sourceTree = "<group>"; };
		AC6A34841ABC43A100AD1CC7 /* RoomListTableViewCell.swift */ = {isa = PBXFileReference; fileEncoding = 4; lastKnownFileType = sourcecode.swift; path = RoomListTableViewCell.swift; sourceTree = "<group>"; };
		AC6A34871ABC460C00AD1CC7 /* Knock_0319.xcdatamodel */ = {isa = PBXFileReference; lastKnownFileType = wrapper.xcdatamodel; path = Knock_0319.xcdatamodel; sourceTree = "<group>"; };
		AC6A351B1ABC883000AD1CC7 /* Bridge-Knock.h */ = {isa = PBXFileReference; lastKnownFileType = sourcecode.c.h; path = "Bridge-Knock.h"; sourceTree = "<group>"; };
		AC6A35231ABC955200AD1CC7 /* Network.swift */ = {isa = PBXFileReference; fileEncoding = 4; lastKnownFileType = sourcecode.swift; path = Network.swift; sourceTree = "<group>"; };
		AC6A352E1ABE20D300AD1CC7 /* SwiftyJSON.swift */ = {isa = PBXFileReference; fileEncoding = 4; lastKnownFileType = sourcecode.swift; path = SwiftyJSON.swift; sourceTree = "<group>"; };
		AC6A8C8A1ACBCEF1006EACA3 /* ChatRoomViewController.swift */ = {isa = PBXFileReference; fileEncoding = 4; lastKnownFileType = sourcecode.swift; path = ChatRoomViewController.swift; sourceTree = "<group>"; };
		AC86526E1B00FA6C0075C00C /* Titleinfo.swift */ = {isa = PBXFileReference; fileEncoding = 4; lastKnownFileType = sourcecode.swift; path = Titleinfo.swift; sourceTree = "<group>"; };
		AC8652761B0266B30075C00C /* StartPageViewController.swift */ = {isa = PBXFileReference; fileEncoding = 4; lastKnownFileType = sourcecode.swift; path = StartPageViewController.swift; sourceTree = "<group>"; };
		ACB9C5E01AEC11BC007BD33F /* Knock_0319.entitlements */ = {isa = PBXFileReference; lastKnownFileType = text.xml; path = Knock_0319.entitlements; sourceTree = "<group>"; };
		ACE363D41B0A0B610072AA11 /* DetailTitleViewController.swift */ = {isa = PBXFileReference; fileEncoding = 4; lastKnownFileType = sourcecode.swift; path = DetailTitleViewController.swift; sourceTree = "<group>"; };
		ACE363DC1B0B93F50072AA11 /* MainTableViewCell.swift */ = {isa = PBXFileReference; fileEncoding = 4; lastKnownFileType = sourcecode.swift; path = MainTableViewCell.swift; sourceTree = "<group>"; };
		ACE4D6101B22AA7E00871CFA /* TitleCollectionViewCell.swift */ = {isa = PBXFileReference; fileEncoding = 4; lastKnownFileType = sourcecode.swift; path = TitleCollectionViewCell.swift; sourceTree = "<group>"; };
		ACE4D6121B22AAB200871CFA /* SearchViewController.swift */ = {isa = PBXFileReference; fileEncoding = 4; lastKnownFileType = sourcecode.swift; path = SearchViewController.swift; sourceTree = "<group>"; };
		ACE4D6141B22AC4800871CFA /* CollectionTableViewCell.swift */ = {isa = PBXFileReference; fileEncoding = 4; lastKnownFileType = sourcecode.swift; path = CollectionTableViewCell.swift; sourceTree = "<group>"; };
		ACE4D6161B22B2D000871CFA /* Boardinfo.swift */ = {isa = PBXFileReference; fileEncoding = 4; lastKnownFileType = sourcecode.swift; path = Boardinfo.swift; sourceTree = "<group>"; };
		ACE4D6191B25825400871CFA /* SmallTableViewController.swift */ = {isa = PBXFileReference; fileEncoding = 4; lastKnownFileType = sourcecode.swift; path = SmallTableViewController.swift; sourceTree = "<group>"; };
		ACE4D61B1B259D2C00871CFA /* SmallTableViewCell.swift */ = {isa = PBXFileReference; fileEncoding = 4; lastKnownFileType = sourcecode.swift; path = SmallTableViewCell.swift; sourceTree = "<group>"; };
		ACE6BE251B0DCEFB0059FCE4 /* MainViewController.swift */ = {isa = PBXFileReference; fileEncoding = 4; lastKnownFileType = sourcecode.swift; path = MainViewController.swift; sourceTree = "<group>"; };
		ACF8D0BC1AC6A803003C93D2 /* Userinfo.swift */ = {isa = PBXFileReference; fileEncoding = 4; lastKnownFileType = sourcecode.swift; path = Userinfo.swift; sourceTree = "<group>"; };
/* End PBXFileReference section */

/* Begin PBXFrameworksBuildPhase section */
		AC6A34561ABC3BDA00AD1CC7 /* Frameworks */ = {
			isa = PBXFrameworksBuildPhase;
			buildActionMask = 2147483647;
			files = (
				AC086F831ADAC7700057E104 /* AudioToolbox.framework in Frameworks */,
				635FC6E1625E411B80821419 /* Pods_Knock_0319.framework in Frameworks */,
			);
			runOnlyForDeploymentPostprocessing = 0;
		};
		AC6A346D1ABC3BDB00AD1CC7 /* Frameworks */ = {
			isa = PBXFrameworksBuildPhase;
			buildActionMask = 2147483647;
			files = (
			);
			runOnlyForDeploymentPostprocessing = 0;
		};
/* End PBXFrameworksBuildPhase section */

/* Begin PBXGroup section */
		3EC8C9D9EB972E45130B71C6 /* Pods */ = {
			isa = PBXGroup;
			children = (
				08027CB4A6221590764672F7 /* Pods-Knock_0319.debug.xcconfig */,
				A4CB16A76A8E69F34D1DF629 /* Pods-Knock_0319.release.xcconfig */,
			);
			name = Pods;
			sourceTree = "<group>";
		};
		6C65DADB8E3E496C580E8FF9 /* Frameworks */ = {
			isa = PBXGroup;
			children = (
				485816C9EFA823F8200BF4C3 /* Pods_Knock_0319.framework */,
			);
			name = Frameworks;
			sourceTree = "<group>";
		};
		AC05DA3E1B11A08D00E71C8F /* Detail View */ = {
			isa = PBXGroup;
			children = (
				ACE363D41B0A0B610072AA11 /* DetailTitleViewController.swift */,
				AC05DA471B18713E00E71C8F /* ArticlePageViewController.swift */,
				AC05DA3F1B11A0D100E71C8F /* TopTableViewCell.swift */,
				AC05DA451B11B8B000E71C8F /* PushTableViewCell.swift */,
				AC05DA4C1B19CC5E00E71C8F /* HeaderTableViewCell.swift */,
				AC05DA431B11B08300E71C8F /* ContentTableViewCell.swift */,
				AC05DA411B11B02900E71C8F /* LastTableViewCell.swift */,
			);
			name = "Detail View";
			sourceTree = "<group>";
		};
		AC12C5941B03985B0090573D /* Intro Page */ = {
			isa = PBXGroup;
			children = (
				AC12C5951B03987D0090573D /* IntroViewController.swift */,
				AC12C5971B0398A60090573D /* IntroPageViewController.swift */,
				AC12C5991B04477B0090573D /* LoginViewController.swift */,
			);
			name = "Intro Page";
			sourceTree = "<group>";
		};
		AC6A34501ABC3BDA00AD1CC7 = {
			isa = PBXGroup;
			children = (
				AC086F821ADAC7700057E104 /* AudioToolbox.framework */,
				AC6A345B1ABC3BDA00AD1CC7 /* Knock_0319 */,
				AC6A34731ABC3BDB00AD1CC7 /* Knock_0319Tests */,
				AC6A345A1ABC3BDA00AD1CC7 /* Products */,
				3EC8C9D9EB972E45130B71C6 /* Pods */,
				6C65DADB8E3E496C580E8FF9 /* Frameworks */,
			);
			sourceTree = "<group>";
		};
		AC6A345A1ABC3BDA00AD1CC7 /* Products */ = {
			isa = PBXGroup;
			children = (
				AC6A34591ABC3BDA00AD1CC7 /* Knock_0319.app */,
				AC6A34701ABC3BDB00AD1CC7 /* Knock_0319Tests.xctest */,
			);
			name = Products;
			sourceTree = "<group>";
		};
		AC6A345B1ABC3BDA00AD1CC7 /* Knock_0319 */ = {
			isa = PBXGroup;
			children = (
				ACE4D60F1B22AA4500871CFA /* searchCollection */,
				AC12C5941B03985B0090573D /* Intro Page */,
				AC8652781B0266F60075C00C /* Profile Page */,
				ACB9C5E01AEC11BC007BD33F /* Knock_0319.entitlements */,
				AC6A345E1ABC3BDA00AD1CC7 /* AppDelegate.swift */,
				AC6A34601ABC3BDA00AD1CC7 /* FirstViewController.swift */,
				AC6A34621ABC3BDA00AD1CC7 /* SecondViewController.swift */,
				ACF5AEEA1B08C72C0000EF62 /* Mainflow */,
				AC6A34641ABC3BDA00AD1CC7 /* Main.storyboard */,
				AC6A34671ABC3BDA00AD1CC7 /* Images.xcassets */,
				AC5018F71ADF7B7500CBAF14 /* textViewController.swift */,
				AC6A34691ABC3BDA00AD1CC7 /* LaunchScreen.xib */,
				AC6A345C1ABC3BDA00AD1CC7 /* Supporting Files */,
			);
			path = Knock_0319;
			sourceTree = "<group>";
		};
		AC6A345C1ABC3BDA00AD1CC7 /* Supporting Files */ = {
			isa = PBXGroup;
			children = (
				AC6A352E1ABE20D300AD1CC7 /* SwiftyJSON.swift */,
				AC6A8C8A1ACBCEF1006EACA3 /* ChatRoomViewController.swift */,
				AC6A345D1ABC3BDA00AD1CC7 /* Info.plist */,
				AC6A351B1ABC883000AD1CC7 /* Bridge-Knock.h */,
				AC02C1021B1B2E8C002D08A7 /* Singleton.swift */,
				AC2327A01AD3B84500B06354 /* Buble.swift */,
				AC6A35231ABC955200AD1CC7 /* Network.swift */,
				AC6A34861ABC460C00AD1CC7 /* Knock_0319.xcdatamodeld */,
				AC6A34841ABC43A100AD1CC7 /* RoomListTableViewCell.swift */,
				AC623B891ACBDDF200221DB7 /* Messageinfo.swift */,
				AC6A34801ABC42E500AD1CC7 /* Roominfo.swift */,
				AC86526E1B00FA6C0075C00C /* Titleinfo.swift */,
				AC05DA3C1B1112AF00E71C8F /* Articleinfo.swift */,
				ACF8D0BC1AC6A803003C93D2 /* Userinfo.swift */,
				ACE4D6161B22B2D000871CFA /* Boardinfo.swift */,
			);
			name = "Supporting Files";
			sourceTree = "<group>";
		};
		AC6A34731ABC3BDB00AD1CC7 /* Knock_0319Tests */ = {
			isa = PBXGroup;
			children = (
				AC6A34761ABC3BDB00AD1CC7 /* Knock_0319Tests.swift */,
				AC6A34741ABC3BDB00AD1CC7 /* Supporting Files */,
			);
			path = Knock_0319Tests;
			sourceTree = "<group>";
		};
		AC6A34741ABC3BDB00AD1CC7 /* Supporting Files */ = {
			isa = PBXGroup;
			children = (
				AC6A34751ABC3BDB00AD1CC7 /* Info.plist */,
			);
			name = "Supporting Files";
			sourceTree = "<group>";
		};
		AC8652781B0266F60075C00C /* Profile Page */ = {
			isa = PBXGroup;
			children = (
				AC12C5921B0316BA0090573D /* ProfileViewController.swift */,
				AC8652761B0266B30075C00C /* StartPageViewController.swift */,
				AC12C58C1B02EFDB0090573D /* FavorPageViewController.swift */,
				AC12C5901B02F2D90090573D /* FollowingPageViewController.swift */,
				AC12C58A1B02EFBF0090573D /* BoardPageViewController.swift */,
				AC12C58E1B02F27C0090573D /* FollowerPageViewController.swift */,
			);
			name = "Profile Page";
			sourceTree = "<group>";
		};
		ACE4D60F1B22AA4500871CFA /* searchCollection */ = {
			isa = PBXGroup;
			children = (
				ACE4D6181B25822F00871CFA /* smallViewTable */,
				ACE4D6121B22AAB200871CFA /* SearchViewController.swift */,
				ACE4D6141B22AC4800871CFA /* CollectionTableViewCell.swift */,
				ACE4D6101B22AA7E00871CFA /* TitleCollectionViewCell.swift */,
			);
			name = searchCollection;
			sourceTree = "<group>";
		};
		ACE4D6181B25822F00871CFA /* smallViewTable */ = {
			isa = PBXGroup;
			children = (
				ACE4D6191B25825400871CFA /* SmallTableViewController.swift */,
				ACE4D61B1B259D2C00871CFA /* SmallTableViewCell.swift */,
			);
			name = smallViewTable;
			sourceTree = "<group>";
		};
		ACF5AEEA1B08C72C0000EF62 /* Mainflow */ = {
			isa = PBXGroup;
			children = (
				AC12C59D1B0729520090573D /* MainTabBarViewController.swift */,
				ACE6BE251B0DCEFB0059FCE4 /* MainViewController.swift */,
				ACE363DC1B0B93F50072AA11 /* MainTableViewCell.swift */,
				AC05DA3E1B11A08D00E71C8F /* Detail View */,
			);
			name = Mainflow;
			sourceTree = "<group>";
		};
/* End PBXGroup section */

/* Begin PBXNativeTarget section */
		AC6A34581ABC3BDA00AD1CC7 /* Knock_0319 */ = {
			isa = PBXNativeTarget;
			buildConfigurationList = AC6A347A1ABC3BDB00AD1CC7 /* Build configuration list for PBXNativeTarget "Knock_0319" */;
			buildPhases = (
				58DC270434B7822AF0005196 /* Check Pods Manifest.lock */,
				AC6A34551ABC3BDA00AD1CC7 /* Sources */,
				AC6A34561ABC3BDA00AD1CC7 /* Frameworks */,
				AC6A34571ABC3BDA00AD1CC7 /* Resources */,
				D4ACA544899C19459A021A52 /* Copy Pods Resources */,
				87502A8AEF5D7FE44CEE8179 /* Embed Pods Frameworks */,
			);
			buildRules = (
			);
			dependencies = (
			);
			name = Knock_0319;
			productName = Knock_0319;
			productReference = AC6A34591ABC3BDA00AD1CC7 /* Knock_0319.app */;
			productType = "com.apple.product-type.application";
		};
		AC6A346F1ABC3BDB00AD1CC7 /* Knock_0319Tests */ = {
			isa = PBXNativeTarget;
			buildConfigurationList = AC6A347D1ABC3BDB00AD1CC7 /* Build configuration list for PBXNativeTarget "Knock_0319Tests" */;
			buildPhases = (
				AC6A346C1ABC3BDB00AD1CC7 /* Sources */,
				AC6A346D1ABC3BDB00AD1CC7 /* Frameworks */,
				AC6A346E1ABC3BDB00AD1CC7 /* Resources */,
			);
			buildRules = (
			);
			dependencies = (
				AC6A34721ABC3BDB00AD1CC7 /* PBXTargetDependency */,
			);
			name = Knock_0319Tests;
			productName = Knock_0319Tests;
			productReference = AC6A34701ABC3BDB00AD1CC7 /* Knock_0319Tests.xctest */;
			productType = "com.apple.product-type.bundle.unit-test";
		};
/* End PBXNativeTarget section */

/* Begin PBXProject section */
		AC6A34511ABC3BDA00AD1CC7 /* Project object */ = {
			isa = PBXProject;
			attributes = {
				LastUpgradeCheck = 0610;
				ORGANIZATIONNAME = Morpheus;
				TargetAttributes = {
					AC6A34581ABC3BDA00AD1CC7 = {
						CreatedOnToolsVersion = 6.1.1;
						DevelopmentTeam = Z2U36UFBHG;
						SystemCapabilities = {
							com.apple.ApplicationGroups.iOS = {
								enabled = 0;
							};
							com.apple.BackgroundModes = {
								enabled = 1;
							};
							com.apple.SafariKeychain = {
								enabled = 0;
							};
							com.apple.WAC = {
								enabled = 0;
							};
						};
					};
					AC6A346F1ABC3BDB00AD1CC7 = {
						CreatedOnToolsVersion = 6.1.1;
						TestTargetID = AC6A34581ABC3BDA00AD1CC7;
					};
				};
			};
			buildConfigurationList = AC6A34541ABC3BDA00AD1CC7 /* Build configuration list for PBXProject "Knock_0319" */;
			compatibilityVersion = "Xcode 3.2";
			developmentRegion = English;
			hasScannedForEncodings = 0;
			knownRegions = (
				en,
				Base,
			);
			mainGroup = AC6A34501ABC3BDA00AD1CC7;
			productRefGroup = AC6A345A1ABC3BDA00AD1CC7 /* Products */;
			projectDirPath = "";
			projectRoot = "";
			targets = (
				AC6A34581ABC3BDA00AD1CC7 /* Knock_0319 */,
				AC6A346F1ABC3BDB00AD1CC7 /* Knock_0319Tests */,
			);
		};
/* End PBXProject section */

/* Begin PBXResourcesBuildPhase section */
		AC6A34571ABC3BDA00AD1CC7 /* Resources */ = {
			isa = PBXResourcesBuildPhase;
			buildActionMask = 2147483647;
			files = (
				AC6A34661ABC3BDA00AD1CC7 /* Main.storyboard in Resources */,
				AC6A346B1ABC3BDA00AD1CC7 /* LaunchScreen.xib in Resources */,
				AC6A34681ABC3BDA00AD1CC7 /* Images.xcassets in Resources */,
			);
			runOnlyForDeploymentPostprocessing = 0;
		};
		AC6A346E1ABC3BDB00AD1CC7 /* Resources */ = {
			isa = PBXResourcesBuildPhase;
			buildActionMask = 2147483647;
			files = (
			);
			runOnlyForDeploymentPostprocessing = 0;
		};
/* End PBXResourcesBuildPhase section */

/* Begin PBXShellScriptBuildPhase section */
		58DC270434B7822AF0005196 /* Check Pods Manifest.lock */ = {
			isa = PBXShellScriptBuildPhase;
			buildActionMask = 2147483647;
			files = (
			);
			inputPaths = (
			);
			name = "Check Pods Manifest.lock";
			outputPaths = (
			);
			runOnlyForDeploymentPostprocessing = 0;
			shellPath = /bin/sh;
			shellScript = "diff \"${PODS_ROOT}/../Podfile.lock\" \"${PODS_ROOT}/Manifest.lock\" > /dev/null\nif [[ $? != 0 ]] ; then\n    cat << EOM\nerror: The sandbox is not in sync with the Podfile.lock. Run 'pod install' or update your CocoaPods installation.\nEOM\n    exit 1\nfi\n";
			showEnvVarsInLog = 0;
		};
		87502A8AEF5D7FE44CEE8179 /* Embed Pods Frameworks */ = {
			isa = PBXShellScriptBuildPhase;
			buildActionMask = 2147483647;
			files = (
			);
			inputPaths = (
			);
			name = "Embed Pods Frameworks";
			outputPaths = (
			);
			runOnlyForDeploymentPostprocessing = 0;
			shellPath = /bin/sh;
			shellScript = "\"${SRCROOT}/Pods/Target Support Files/Pods-Knock_0319/Pods-Knock_0319-frameworks.sh\"\n";
			showEnvVarsInLog = 0;
		};
		D4ACA544899C19459A021A52 /* Copy Pods Resources */ = {
			isa = PBXShellScriptBuildPhase;
			buildActionMask = 2147483647;
			files = (
			);
			inputPaths = (
			);
			name = "Copy Pods Resources";
			outputPaths = (
			);
			runOnlyForDeploymentPostprocessing = 0;
			shellPath = /bin/sh;
			shellScript = "\"${SRCROOT}/Pods/Target Support Files/Pods-Knock_0319/Pods-Knock_0319-resources.sh\"\n";
			showEnvVarsInLog = 0;
		};
/* End PBXShellScriptBuildPhase section */

/* Begin PBXSourcesBuildPhase section */
		AC6A34551ABC3BDA00AD1CC7 /* Sources */ = {
			isa = PBXSourcesBuildPhase;
			buildActionMask = 2147483647;
			files = (
				AC12C5961B03987D0090573D /* IntroViewController.swift in Sources */,
				AC6A352F1ABE20D300AD1CC7 /* SwiftyJSON.swift in Sources */,
				ACE4D61C1B259D2C00871CFA /* SmallTableViewCell.swift in Sources */,
				AC12C59E1B0729520090573D /* MainTabBarViewController.swift in Sources */,
				AC05DA461B11B8B000E71C8F /* PushTableViewCell.swift in Sources */,
				AC5018F81ADF7B7500CBAF14 /* textViewController.swift in Sources */,
				AC12C58F1B02F27C0090573D /* FollowerPageViewController.swift in Sources */,
				AC6A35241ABC955200AD1CC7 /* Network.swift in Sources */,
				AC12C5911B02F2D90090573D /* FollowingPageViewController.swift in Sources */,
				AC02C1031B1B2E8C002D08A7 /* Singleton.swift in Sources */,
				AC12C5931B0316BA0090573D /* ProfileViewController.swift in Sources */,
				ACE6BE261B0DCEFB0059FCE4 /* MainViewController.swift in Sources */,
				AC05DA3D1B1112AF00E71C8F /* Articleinfo.swift in Sources */,
				AC05DA401B11A0D100E71C8F /* TopTableViewCell.swift in Sources */,
				AC6A34631ABC3BDA00AD1CC7 /* SecondViewController.swift in Sources */,
				AC6A345F1ABC3BDA00AD1CC7 /* AppDelegate.swift in Sources */,
				AC05DA4D1B19CC5E00E71C8F /* HeaderTableViewCell.swift in Sources */,
				AC6A34851ABC43A100AD1CC7 /* RoomListTableViewCell.swift in Sources */,
				ACE4D6151B22AC4800871CFA /* CollectionTableViewCell.swift in Sources */,
				AC12C58B1B02EFBF0090573D /* BoardPageViewController.swift in Sources */,
				AC6A34811ABC42E500AD1CC7 /* Roominfo.swift in Sources */,
				AC12C59A1B04477B0090573D /* LoginViewController.swift in Sources */,
				AC86526F1B00FA6C0075C00C /* Titleinfo.swift in Sources */,
				AC05DA441B11B08300E71C8F /* ContentTableViewCell.swift in Sources */,
				AC12C58D1B02EFDB0090573D /* FavorPageViewController.swift in Sources */,
				ACE363DD1B0B93F50072AA11 /* MainTableViewCell.swift in Sources */,
				AC6A34611ABC3BDA00AD1CC7 /* FirstViewController.swift in Sources */,
				AC12C5981B0398A60090573D /* IntroPageViewController.swift in Sources */,
				ACE4D6171B22B2D000871CFA /* Boardinfo.swift in Sources */,
				ACE363D51B0A0B610072AA11 /* DetailTitleViewController.swift in Sources */,
				AC6A8C8B1ACBCEF1006EACA3 /* ChatRoomViewController.swift in Sources */,
				ACF8D0BD1AC6A803003C93D2 /* Userinfo.swift in Sources */,
				ACE4D6131B22AAB200871CFA /* SearchViewController.swift in Sources */,
				AC05DA421B11B02900E71C8F /* LastTableViewCell.swift in Sources */,
				ACE4D61A1B25825400871CFA /* SmallTableViewController.swift in Sources */,
				AC623B8A1ACBDDF200221DB7 /* Messageinfo.swift in Sources */,
				AC6A34881ABC460C00AD1CC7 /* Knock_0319.xcdatamodeld in Sources */,
				AC8652771B0266B30075C00C /* StartPageViewController.swift in Sources */,
				ACE4D6111B22AA7E00871CFA /* TitleCollectionViewCell.swift in Sources */,
				AC2327A11AD3B84500B06354 /* Buble.swift in Sources */,
				AC05DA481B18713F00E71C8F /* ArticlePageViewController.swift in Sources */,
			);
			runOnlyForDeploymentPostprocessing = 0;
		};
		AC6A346C1ABC3BDB00AD1CC7 /* Sources */ = {
			isa = PBXSourcesBuildPhase;
			buildActionMask = 2147483647;
			files = (
				AC6A34771ABC3BDB00AD1CC7 /* Knock_0319Tests.swift in Sources */,
			);
			runOnlyForDeploymentPostprocessing = 0;
		};
/* End PBXSourcesBuildPhase section */

/* Begin PBXTargetDependency section */
		AC6A34721ABC3BDB00AD1CC7 /* PBXTargetDependency */ = {
			isa = PBXTargetDependency;
			target = AC6A34581ABC3BDA00AD1CC7 /* Knock_0319 */;
			targetProxy = AC6A34711ABC3BDB00AD1CC7 /* PBXContainerItemProxy */;
		};
/* End PBXTargetDependency section */

/* Begin PBXVariantGroup section */
		AC6A34641ABC3BDA00AD1CC7 /* Main.storyboard */ = {
			isa = PBXVariantGroup;
			children = (
				AC6A34651ABC3BDA00AD1CC7 /* Base */,
			);
			name = Main.storyboard;
			sourceTree = "<group>";
		};
		AC6A34691ABC3BDA00AD1CC7 /* LaunchScreen.xib */ = {
			isa = PBXVariantGroup;
			children = (
				AC6A346A1ABC3BDA00AD1CC7 /* Base */,
			);
			name = LaunchScreen.xib;
			sourceTree = "<group>";
		};
/* End PBXVariantGroup section */

/* Begin XCBuildConfiguration section */
		AC6A34781ABC3BDB00AD1CC7 /* Debug */ = {
			isa = XCBuildConfiguration;
			buildSettings = {
				ALWAYS_SEARCH_USER_PATHS = NO;
				CLANG_CXX_LANGUAGE_STANDARD = "gnu++0x";
				CLANG_CXX_LIBRARY = "libc++";
				CLANG_ENABLE_MODULES = YES;
				CLANG_ENABLE_OBJC_ARC = YES;
				CLANG_WARN_BOOL_CONVERSION = YES;
				CLANG_WARN_CONSTANT_CONVERSION = YES;
				CLANG_WARN_DIRECT_OBJC_ISA_USAGE = YES_ERROR;
				CLANG_WARN_EMPTY_BODY = YES;
				CLANG_WARN_ENUM_CONVERSION = YES;
				CLANG_WARN_INT_CONVERSION = YES;
				CLANG_WARN_OBJC_ROOT_CLASS = YES_ERROR;
				CLANG_WARN_UNREACHABLE_CODE = YES;
				CLANG_WARN__DUPLICATE_METHOD_MATCH = YES;
				"CODE_SIGN_IDENTITY[sdk=iphoneos*]" = "iPhone Developer";
				COPY_PHASE_STRIP = NO;
				ENABLE_STRICT_OBJC_MSGSEND = YES;
				GCC_C_LANGUAGE_STANDARD = gnu99;
				GCC_DYNAMIC_NO_PIC = NO;
				GCC_OPTIMIZATION_LEVEL = 0;
				GCC_PREPROCESSOR_DEFINITIONS = (
					"DEBUG=1",
					"$(inherited)",
				);
				GCC_SYMBOLS_PRIVATE_EXTERN = NO;
				GCC_WARN_64_TO_32_BIT_CONVERSION = YES;
				GCC_WARN_ABOUT_RETURN_TYPE = YES_ERROR;
				GCC_WARN_UNDECLARED_SELECTOR = YES;
				GCC_WARN_UNINITIALIZED_AUTOS = YES_AGGRESSIVE;
				GCC_WARN_UNUSED_FUNCTION = YES;
				GCC_WARN_UNUSED_VARIABLE = YES;
				IPHONEOS_DEPLOYMENT_TARGET = 8.1;
				MTL_ENABLE_DEBUG_INFO = YES;
				ONLY_ACTIVE_ARCH = YES;
				SDKROOT = iphoneos;
				SWIFT_OPTIMIZATION_LEVEL = "-Onone";
			};
			name = Debug;
		};
		AC6A34791ABC3BDB00AD1CC7 /* Release */ = {
			isa = XCBuildConfiguration;
			buildSettings = {
				ALWAYS_SEARCH_USER_PATHS = NO;
				CLANG_CXX_LANGUAGE_STANDARD = "gnu++0x";
				CLANG_CXX_LIBRARY = "libc++";
				CLANG_ENABLE_MODULES = YES;
				CLANG_ENABLE_OBJC_ARC = YES;
				CLANG_WARN_BOOL_CONVERSION = YES;
				CLANG_WARN_CONSTANT_CONVERSION = YES;
				CLANG_WARN_DIRECT_OBJC_ISA_USAGE = YES_ERROR;
				CLANG_WARN_EMPTY_BODY = YES;
				CLANG_WARN_ENUM_CONVERSION = YES;
				CLANG_WARN_INT_CONVERSION = YES;
				CLANG_WARN_OBJC_ROOT_CLASS = YES_ERROR;
				CLANG_WARN_UNREACHABLE_CODE = YES;
				CLANG_WARN__DUPLICATE_METHOD_MATCH = YES;
				"CODE_SIGN_IDENTITY[sdk=iphoneos*]" = "iPhone Developer";
				COPY_PHASE_STRIP = YES;
				ENABLE_NS_ASSERTIONS = NO;
				ENABLE_STRICT_OBJC_MSGSEND = YES;
				GCC_C_LANGUAGE_STANDARD = gnu99;
				GCC_WARN_64_TO_32_BIT_CONVERSION = YES;
				GCC_WARN_ABOUT_RETURN_TYPE = YES_ERROR;
				GCC_WARN_UNDECLARED_SELECTOR = YES;
				GCC_WARN_UNINITIALIZED_AUTOS = YES_AGGRESSIVE;
				GCC_WARN_UNUSED_FUNCTION = YES;
				GCC_WARN_UNUSED_VARIABLE = YES;
				IPHONEOS_DEPLOYMENT_TARGET = 8.1;
				MTL_ENABLE_DEBUG_INFO = NO;
				SDKROOT = iphoneos;
				VALIDATE_PRODUCT = YES;
			};
			name = Release;
		};
		AC6A347B1ABC3BDB00AD1CC7 /* Debug */ = {
			isa = XCBuildConfiguration;
			baseConfigurationReference = 08027CB4A6221590764672F7 /* Pods-Knock_0319.debug.xcconfig */;
			buildSettings = {
				ASSETCATALOG_COMPILER_APPICON_NAME = AppIcon;
				CODE_SIGN_ENTITLEMENTS = Knock_0319/Knock_0319.entitlements;
				CODE_SIGN_IDENTITY = "iPhone Developer";
				"CODE_SIGN_IDENTITY[sdk=iphoneos*]" = "iPhone Developer";
				INFOPLIST_FILE = Knock_0319/Info.plist;
				LD_RUNPATH_SEARCH_PATHS = "$(inherited) @executable_path/Frameworks";
				PRODUCT_NAME = "$(TARGET_NAME)";
				PROVISIONING_PROFILE = "531037d5-5805-4dea-b873-1dd4175a4c38";
				SWIFT_OBJC_BRIDGING_HEADER = "Knock_0319/Bridge-Knock.h";
			};
			name = Debug;
		};
		AC6A347C1ABC3BDB00AD1CC7 /* Release */ = {
			isa = XCBuildConfiguration;
			baseConfigurationReference = A4CB16A76A8E69F34D1DF629 /* Pods-Knock_0319.release.xcconfig */;
			buildSettings = {
				ASSETCATALOG_COMPILER_APPICON_NAME = AppIcon;
				CODE_SIGN_ENTITLEMENTS = Knock_0319/Knock_0319.entitlements;
				CODE_SIGN_IDENTITY = "iPhone Developer";
				"CODE_SIGN_IDENTITY[sdk=iphoneos*]" = "iPhone Developer";
				INFOPLIST_FILE = Knock_0319/Info.plist;
				LD_RUNPATH_SEARCH_PATHS = "$(inherited) @executable_path/Frameworks";
				PRODUCT_NAME = "$(TARGET_NAME)";
				PROVISIONING_PROFILE = "531037d5-5805-4dea-b873-1dd4175a4c38";
				SWIFT_OBJC_BRIDGING_HEADER = "Knock_0319/Bridge-Knock.h";
			};
			name = Release;
		};
		AC6A347E1ABC3BDB00AD1CC7 /* Debug */ = {
			isa = XCBuildConfiguration;
			buildSettings = {
				BUNDLE_LOADER = "$(TEST_HOST)";
				FRAMEWORK_SEARCH_PATHS = (
					"$(SDKROOT)/Developer/Library/Frameworks",
					"$(inherited)",
				);
				GCC_PREPROCESSOR_DEFINITIONS = (
					"DEBUG=1",
					"$(inherited)",
				);
				INFOPLIST_FILE = Knock_0319Tests/Info.plist;
				LD_RUNPATH_SEARCH_PATHS = "$(inherited) @executable_path/Frameworks @loader_path/Frameworks";
				PRODUCT_NAME = "$(TARGET_NAME)";
				TEST_HOST = "$(BUILT_PRODUCTS_DIR)/Knock_0319.app/Knock_0319";
			};
			name = Debug;
		};
		AC6A347F1ABC3BDB00AD1CC7 /* Release */ = {
			isa = XCBuildConfiguration;
			buildSettings = {
				BUNDLE_LOADER = "$(TEST_HOST)";
				FRAMEWORK_SEARCH_PATHS = (
					"$(SDKROOT)/Developer/Library/Frameworks",
					"$(inherited)",
				);
				INFOPLIST_FILE = Knock_0319Tests/Info.plist;
				LD_RUNPATH_SEARCH_PATHS = "$(inherited) @executable_path/Frameworks @loader_path/Frameworks";
				PRODUCT_NAME = "$(TARGET_NAME)";
				TEST_HOST = "$(BUILT_PRODUCTS_DIR)/Knock_0319.app/Knock_0319";
			};
			name = Release;
		};
/* End XCBuildConfiguration section */

/* Begin XCConfigurationList section */
		AC6A34541ABC3BDA00AD1CC7 /* Build configuration list for PBXProject "Knock_0319" */ = {
			isa = XCConfigurationList;
			buildConfigurations = (
				AC6A34781ABC3BDB00AD1CC7 /* Debug */,
				AC6A34791ABC3BDB00AD1CC7 /* Release */,
			);
			defaultConfigurationIsVisible = 0;
			defaultConfigurationName = Release;
		};
		AC6A347A1ABC3BDB00AD1CC7 /* Build configuration list for PBXNativeTarget "Knock_0319" */ = {
			isa = XCConfigurationList;
			buildConfigurations = (
				AC6A347B1ABC3BDB00AD1CC7 /* Debug */,
				AC6A347C1ABC3BDB00AD1CC7 /* Release */,
			);
			defaultConfigurationIsVisible = 0;
			defaultConfigurationName = Release;
		};
		AC6A347D1ABC3BDB00AD1CC7 /* Build configuration list for PBXNativeTarget "Knock_0319Tests" */ = {
			isa = XCConfigurationList;
			buildConfigurations = (
				AC6A347E1ABC3BDB00AD1CC7 /* Debug */,
				AC6A347F1ABC3BDB00AD1CC7 /* Release */,
			);
			defaultConfigurationIsVisible = 0;
			defaultConfigurationName = Release;
		};
/* End XCConfigurationList section */

/* Begin XCVersionGroup section */
		AC6A34861ABC460C00AD1CC7 /* Knock_0319.xcdatamodeld */ = {
			isa = XCVersionGroup;
			children = (
				AC6A34871ABC460C00AD1CC7 /* Knock_0319.xcdatamodel */,
			);
			currentVersion = AC6A34871ABC460C00AD1CC7 /* Knock_0319.xcdatamodel */;
			path = Knock_0319.xcdatamodeld;
			sourceTree = "<group>";
			versionGroupType = wrapper.xcdatamodel;
		};
/* End XCVersionGroup section */
	};
	rootObject = AC6A34511ABC3BDA00AD1CC7 /* Project object */;
}
