// !$*UTF8*$!
{
	archiveVersion = 1;
	classes = {
	};
	objectVersion = 46;
	objects = {

/* Begin PBXBuildFile section */
		AC6A345F1ABC3BDA00AD1CC7 /* AppDelegate.swift in Sources */ = {isa = PBXBuildFile; fileRef = AC6A345E1ABC3BDA00AD1CC7 /* AppDelegate.swift */; };
		AC6A34611ABC3BDA00AD1CC7 /* FirstViewController.swift in Sources */ = {isa = PBXBuildFile; fileRef = AC6A34601ABC3BDA00AD1CC7 /* FirstViewController.swift */; };
		AC6A34631ABC3BDA00AD1CC7 /* SecondViewController.swift in Sources */ = {isa = PBXBuildFile; fileRef = AC6A34621ABC3BDA00AD1CC7 /* SecondViewController.swift */; };
		AC6A34661ABC3BDA00AD1CC7 /* Main.storyboard in Resources */ = {isa = PBXBuildFile; fileRef = AC6A34641ABC3BDA00AD1CC7 /* Main.storyboard */; };
		AC6A34681ABC3BDA00AD1CC7 /* Images.xcassets in Resources */ = {isa = PBXBuildFile; fileRef = AC6A34671ABC3BDA00AD1CC7 /* Images.xcassets */; };
		AC6A346B1ABC3BDA00AD1CC7 /* LaunchScreen.xib in Resources */ = {isa = PBXBuildFile; fileRef = AC6A34691ABC3BDA00AD1CC7 /* LaunchScreen.xib */; };
		AC6A34771ABC3BDB00AD1CC7 /* Knock_0319Tests.swift in Sources */ = {isa = PBXBuildFile; fileRef = AC6A34761ABC3BDB00AD1CC7 /* Knock_0319Tests.swift */; };
		AC6A34811ABC42E500AD1CC7 /* Roominfo.swift in Sources */ = {isa = PBXBuildFile; fileRef = AC6A34801ABC42E500AD1CC7 /* Roominfo.swift */; };
		AC6A34851ABC43A100AD1CC7 /* RoomListTableViewCell.swift in Sources */ = {isa = PBXBuildFile; fileRef = AC6A34841ABC43A100AD1CC7 /* RoomListTableViewCell.swift */; };
		AC6A34881ABC460C00AD1CC7 /* Knock_0319.xcdatamodeld in Sources */ = {isa = PBXBuildFile; fileRef = AC6A34861ABC460C00AD1CC7 /* Knock_0319.xcdatamodeld */; };
		AC6A34F01ABC87DD00AD1CC7 /* JSQMessagesAssets.bundle in Resources */ = {isa = PBXBuildFile; fileRef = AC6A34941ABC87DD00AD1CC7 /* JSQMessagesAssets.bundle */; };
		AC6A34F11ABC87DD00AD1CC7 /* JSQSystemSoundPlayer+JSQMessages.m in Sources */ = {isa = PBXBuildFile; fileRef = AC6A34971ABC87DD00AD1CC7 /* JSQSystemSoundPlayer+JSQMessages.m */; };
		AC6A34F21ABC87DD00AD1CC7 /* NSBundle+JSQMessages.m in Sources */ = {isa = PBXBuildFile; fileRef = AC6A34991ABC87DD00AD1CC7 /* NSBundle+JSQMessages.m */; };
		AC6A34F31ABC87DD00AD1CC7 /* NSString+JSQMessages.m in Sources */ = {isa = PBXBuildFile; fileRef = AC6A349B1ABC87DD00AD1CC7 /* NSString+JSQMessages.m */; };
		AC6A34F41ABC87DD00AD1CC7 /* UIColor+JSQMessages.m in Sources */ = {isa = PBXBuildFile; fileRef = AC6A349D1ABC87DD00AD1CC7 /* UIColor+JSQMessages.m */; };
		AC6A34F51ABC87DD00AD1CC7 /* UIDevice+JSQMessages.m in Sources */ = {isa = PBXBuildFile; fileRef = AC6A349F1ABC87DD00AD1CC7 /* UIDevice+JSQMessages.m */; };
		AC6A34F61ABC87DD00AD1CC7 /* UIImage+JSQMessages.m in Sources */ = {isa = PBXBuildFile; fileRef = AC6A34A11ABC87DD00AD1CC7 /* UIImage+JSQMessages.m */; };
		AC6A34F71ABC87DD00AD1CC7 /* UIView+JSQMessages.m in Sources */ = {isa = PBXBuildFile; fileRef = AC6A34A31ABC87DD00AD1CC7 /* UIView+JSQMessages.m */; };
		AC6A34F81ABC87DD00AD1CC7 /* JSQMessagesKeyboardController.m in Sources */ = {isa = PBXBuildFile; fileRef = AC6A34A61ABC87DD00AD1CC7 /* JSQMessagesKeyboardController.m */; };
		AC6A34F91ABC87DD00AD1CC7 /* JSQMessagesViewController.m in Sources */ = {isa = PBXBuildFile; fileRef = AC6A34A81ABC87DD00AD1CC7 /* JSQMessagesViewController.m */; };
		AC6A34FA1ABC87DD00AD1CC7 /* JSQMessagesViewController.xib in Resources */ = {isa = PBXBuildFile; fileRef = AC6A34A91ABC87DD00AD1CC7 /* JSQMessagesViewController.xib */; };
		AC6A34FB1ABC87DD00AD1CC7 /* JSQMessagesAvatarImageFactory.m in Sources */ = {isa = PBXBuildFile; fileRef = AC6A34AC1ABC87DD00AD1CC7 /* JSQMessagesAvatarImageFactory.m */; };
		AC6A34FC1ABC87DD00AD1CC7 /* JSQMessagesBubbleImageFactory.m in Sources */ = {isa = PBXBuildFile; fileRef = AC6A34AE1ABC87DD00AD1CC7 /* JSQMessagesBubbleImageFactory.m */; };
		AC6A34FD1ABC87DD00AD1CC7 /* JSQMessagesMediaViewBubbleImageMasker.m in Sources */ = {isa = PBXBuildFile; fileRef = AC6A34B01ABC87DD00AD1CC7 /* JSQMessagesMediaViewBubbleImageMasker.m */; };
		AC6A34FE1ABC87DD00AD1CC7 /* JSQMessagesTimestampFormatter.m in Sources */ = {isa = PBXBuildFile; fileRef = AC6A34B21ABC87DD00AD1CC7 /* JSQMessagesTimestampFormatter.m */; };
		AC6A34FF1ABC87DD00AD1CC7 /* JSQMessagesToolbarButtonFactory.m in Sources */ = {isa = PBXBuildFile; fileRef = AC6A34B41ABC87DD00AD1CC7 /* JSQMessagesToolbarButtonFactory.m */; };
		AC6A35001ABC87DD00AD1CC7 /* JSQMessagesCollectionViewFlowLayout.m in Sources */ = {isa = PBXBuildFile; fileRef = AC6A34B81ABC87DD00AD1CC7 /* JSQMessagesCollectionViewFlowLayout.m */; };
		AC6A35011ABC87DD00AD1CC7 /* JSQMessagesCollectionViewFlowLayoutInvalidationContext.m in Sources */ = {isa = PBXBuildFile; fileRef = AC6A34BA1ABC87DD00AD1CC7 /* JSQMessagesCollectionViewFlowLayoutInvalidationContext.m */; };
		AC6A35021ABC87DD00AD1CC7 /* JSQMessagesCollectionViewLayoutAttributes.m in Sources */ = {isa = PBXBuildFile; fileRef = AC6A34BC1ABC87DD00AD1CC7 /* JSQMessagesCollectionViewLayoutAttributes.m */; };
		AC6A35031ABC87DD00AD1CC7 /* JSQLocationMediaItem.m in Sources */ = {isa = PBXBuildFile; fileRef = AC6A34BF1ABC87DD00AD1CC7 /* JSQLocationMediaItem.m */; };
		AC6A35041ABC87DD00AD1CC7 /* JSQMediaItem.m in Sources */ = {isa = PBXBuildFile; fileRef = AC6A34C11ABC87DD00AD1CC7 /* JSQMediaItem.m */; };
		AC6A35051ABC87DD00AD1CC7 /* JSQMessage.m in Sources */ = {isa = PBXBuildFile; fileRef = AC6A34C31ABC87DD00AD1CC7 /* JSQMessage.m */; };
		AC6A35061ABC87DD00AD1CC7 /* JSQMessagesAvatarImage.m in Sources */ = {isa = PBXBuildFile; fileRef = AC6A34C91ABC87DD00AD1CC7 /* JSQMessagesAvatarImage.m */; };
		AC6A35071ABC87DD00AD1CC7 /* JSQMessagesBubbleImage.m in Sources */ = {isa = PBXBuildFile; fileRef = AC6A34CB1ABC87DD00AD1CC7 /* JSQMessagesBubbleImage.m */; };
		AC6A35081ABC87DD00AD1CC7 /* JSQPhotoMediaItem.m in Sources */ = {isa = PBXBuildFile; fileRef = AC6A34CF1ABC87DD00AD1CC7 /* JSQPhotoMediaItem.m */; };
		AC6A35091ABC87DD00AD1CC7 /* JSQVideoMediaItem.m in Sources */ = {isa = PBXBuildFile; fileRef = AC6A34D11ABC87DD00AD1CC7 /* JSQVideoMediaItem.m */; };
		AC6A350A1ABC87DD00AD1CC7 /* JSQMessagesCellTextView.m in Sources */ = {isa = PBXBuildFile; fileRef = AC6A34D41ABC87DD00AD1CC7 /* JSQMessagesCellTextView.m */; };
		AC6A350B1ABC87DD00AD1CC7 /* JSQMessagesCollectionView.m in Sources */ = {isa = PBXBuildFile; fileRef = AC6A34D61ABC87DD00AD1CC7 /* JSQMessagesCollectionView.m */; };
		AC6A350C1ABC87DD00AD1CC7 /* JSQMessagesCollectionViewCell.m in Sources */ = {isa = PBXBuildFile; fileRef = AC6A34D81ABC87DD00AD1CC7 /* JSQMessagesCollectionViewCell.m */; };
		AC6A350D1ABC87DD00AD1CC7 /* JSQMessagesCollectionViewCellIncoming.m in Sources */ = {isa = PBXBuildFile; fileRef = AC6A34DA1ABC87DD00AD1CC7 /* JSQMessagesCollectionViewCellIncoming.m */; };
		AC6A350E1ABC87DD00AD1CC7 /* JSQMessagesCollectionViewCellIncoming.xib in Resources */ = {isa = PBXBuildFile; fileRef = AC6A34DB1ABC87DD00AD1CC7 /* JSQMessagesCollectionViewCellIncoming.xib */; };
		AC6A350F1ABC87DD00AD1CC7 /* JSQMessagesCollectionViewCellOutgoing.m in Sources */ = {isa = PBXBuildFile; fileRef = AC6A34DD1ABC87DD00AD1CC7 /* JSQMessagesCollectionViewCellOutgoing.m */; };
		AC6A35101ABC87DD00AD1CC7 /* JSQMessagesCollectionViewCellOutgoing.xib in Resources */ = {isa = PBXBuildFile; fileRef = AC6A34DE1ABC87DD00AD1CC7 /* JSQMessagesCollectionViewCellOutgoing.xib */; };
		AC6A35111ABC87DD00AD1CC7 /* JSQMessagesComposerTextView.m in Sources */ = {isa = PBXBuildFile; fileRef = AC6A34E01ABC87DD00AD1CC7 /* JSQMessagesComposerTextView.m */; };
		AC6A35121ABC87DD00AD1CC7 /* JSQMessagesInputToolbar.m in Sources */ = {isa = PBXBuildFile; fileRef = AC6A34E21ABC87DD00AD1CC7 /* JSQMessagesInputToolbar.m */; };
		AC6A35131ABC87DD00AD1CC7 /* JSQMessagesLabel.m in Sources */ = {isa = PBXBuildFile; fileRef = AC6A34E41ABC87DD00AD1CC7 /* JSQMessagesLabel.m */; };
		AC6A35141ABC87DD00AD1CC7 /* JSQMessagesLoadEarlierHeaderView.m in Sources */ = {isa = PBXBuildFile; fileRef = AC6A34E61ABC87DD00AD1CC7 /* JSQMessagesLoadEarlierHeaderView.m */; };
		AC6A35151ABC87DD00AD1CC7 /* JSQMessagesLoadEarlierHeaderView.xib in Resources */ = {isa = PBXBuildFile; fileRef = AC6A34E71ABC87DD00AD1CC7 /* JSQMessagesLoadEarlierHeaderView.xib */; };
		AC6A35161ABC87DD00AD1CC7 /* JSQMessagesMediaPlaceholderView.m in Sources */ = {isa = PBXBuildFile; fileRef = AC6A34E91ABC87DD00AD1CC7 /* JSQMessagesMediaPlaceholderView.m */; };
		AC6A35171ABC87DD00AD1CC7 /* JSQMessagesToolbarContentView.m in Sources */ = {isa = PBXBuildFile; fileRef = AC6A34EB1ABC87DD00AD1CC7 /* JSQMessagesToolbarContentView.m */; };
		AC6A35181ABC87DD00AD1CC7 /* JSQMessagesToolbarContentView.xib in Resources */ = {isa = PBXBuildFile; fileRef = AC6A34EC1ABC87DD00AD1CC7 /* JSQMessagesToolbarContentView.xib */; };
		AC6A35191ABC87DD00AD1CC7 /* JSQMessagesTypingIndicatorFooterView.m in Sources */ = {isa = PBXBuildFile; fileRef = AC6A34EE1ABC87DD00AD1CC7 /* JSQMessagesTypingIndicatorFooterView.m */; };
		AC6A351A1ABC87DD00AD1CC7 /* JSQMessagesTypingIndicatorFooterView.xib in Resources */ = {isa = PBXBuildFile; fileRef = AC6A34EF1ABC87DD00AD1CC7 /* JSQMessagesTypingIndicatorFooterView.xib */; };
		AC6A35201ABC89D000AD1CC7 /* JSQSystemSoundPlayer.m in Sources */ = {isa = PBXBuildFile; fileRef = AC6A351F1ABC89D000AD1CC7 /* JSQSystemSoundPlayer.m */; };
		AC6A35221ABC929C00AD1CC7 /* ChatRoomViewController.swift in Sources */ = {isa = PBXBuildFile; fileRef = AC6A35211ABC929C00AD1CC7 /* ChatRoomViewController.swift */; };
		AC6A35241ABC955200AD1CC7 /* Network.swift in Sources */ = {isa = PBXBuildFile; fileRef = AC6A35231ABC955200AD1CC7 /* Network.swift */; };
		AC6A352F1ABE20D300AD1CC7 /* SwiftyJSON.swift in Sources */ = {isa = PBXBuildFile; fileRef = AC6A352E1ABE20D300AD1CC7 /* SwiftyJSON.swift */; };
		ACDF194D1AC30B4A00853851 /* MBProgressHUD.m in Sources */ = {isa = PBXBuildFile; fileRef = ACDF194C1AC30B4A00853851 /* MBProgressHUD.m */; };
		ACF8D0BD1AC6A803003C93D2 /* Userinfo.swift in Sources */ = {isa = PBXBuildFile; fileRef = ACF8D0BC1AC6A803003C93D2 /* Userinfo.swift */; };
/* End PBXBuildFile section */

/* Begin PBXContainerItemProxy section */
		AC6A34711ABC3BDB00AD1CC7 /* PBXContainerItemProxy */ = {
			isa = PBXContainerItemProxy;
			containerPortal = AC6A34511ABC3BDA00AD1CC7 /* Project object */;
			proxyType = 1;
			remoteGlobalIDString = AC6A34581ABC3BDA00AD1CC7;
			remoteInfo = Knock_0319;
		};
/* End PBXContainerItemProxy section */

/* Begin PBXFileReference section */
		AC6A34591ABC3BDA00AD1CC7 /* Knock_0319.app */ = {isa = PBXFileReference; explicitFileType = wrapper.application; includeInIndex = 0; path = Knock_0319.app; sourceTree = BUILT_PRODUCTS_DIR; };
		AC6A345D1ABC3BDA00AD1CC7 /* Info.plist */ = {isa = PBXFileReference; lastKnownFileType = text.plist.xml; path = Info.plist; sourceTree = "<group>"; };
		AC6A345E1ABC3BDA00AD1CC7 /* AppDelegate.swift */ = {isa = PBXFileReference; lastKnownFileType = sourcecode.swift; path = AppDelegate.swift; sourceTree = "<group>"; };
		AC6A34601ABC3BDA00AD1CC7 /* FirstViewController.swift */ = {isa = PBXFileReference; lastKnownFileType = sourcecode.swift; path = FirstViewController.swift; sourceTree = "<group>"; };
		AC6A34621ABC3BDA00AD1CC7 /* SecondViewController.swift */ = {isa = PBXFileReference; lastKnownFileType = sourcecode.swift; path = SecondViewController.swift; sourceTree = "<group>"; };
		AC6A34651ABC3BDA00AD1CC7 /* Base */ = {isa = PBXFileReference; lastKnownFileType = file.storyboard; name = Base; path = Base.lproj/Main.storyboard; sourceTree = "<group>"; };
		AC6A34671ABC3BDA00AD1CC7 /* Images.xcassets */ = {isa = PBXFileReference; lastKnownFileType = folder.assetcatalog; path = Images.xcassets; sourceTree = "<group>"; };
		AC6A346A1ABC3BDA00AD1CC7 /* Base */ = {isa = PBXFileReference; lastKnownFileType = file.xib; name = Base; path = Base.lproj/LaunchScreen.xib; sourceTree = "<group>"; };
		AC6A34701ABC3BDB00AD1CC7 /* Knock_0319Tests.xctest */ = {isa = PBXFileReference; explicitFileType = wrapper.cfbundle; includeInIndex = 0; path = Knock_0319Tests.xctest; sourceTree = BUILT_PRODUCTS_DIR; };
		AC6A34751ABC3BDB00AD1CC7 /* Info.plist */ = {isa = PBXFileReference; lastKnownFileType = text.plist.xml; path = Info.plist; sourceTree = "<group>"; };
		AC6A34761ABC3BDB00AD1CC7 /* Knock_0319Tests.swift */ = {isa = PBXFileReference; lastKnownFileType = sourcecode.swift; path = Knock_0319Tests.swift; sourceTree = "<group>"; };
		AC6A34801ABC42E500AD1CC7 /* Roominfo.swift */ = {isa = PBXFileReference; fileEncoding = 4; lastKnownFileType = sourcecode.swift; path = Roominfo.swift; sourceTree = "<group>"; };
		AC6A34841ABC43A100AD1CC7 /* RoomListTableViewCell.swift */ = {isa = PBXFileReference; fileEncoding = 4; lastKnownFileType = sourcecode.swift; path = RoomListTableViewCell.swift; sourceTree = "<group>"; };
		AC6A34871ABC460C00AD1CC7 /* Knock_0319.xcdatamodel */ = {isa = PBXFileReference; lastKnownFileType = wrapper.xcdatamodel; path = Knock_0319.xcdatamodel; sourceTree = "<group>"; };
		AC6A34941ABC87DD00AD1CC7 /* JSQMessagesAssets.bundle */ = {isa = PBXFileReference; lastKnownFileType = "wrapper.plug-in"; path = JSQMessagesAssets.bundle; sourceTree = "<group>"; };
		AC6A34961ABC87DD00AD1CC7 /* JSQSystemSoundPlayer+JSQMessages.h */ = {isa = PBXFileReference; fileEncoding = 4; lastKnownFileType = sourcecode.c.h; path = "JSQSystemSoundPlayer+JSQMessages.h"; sourceTree = "<group>"; };
		AC6A34971ABC87DD00AD1CC7 /* JSQSystemSoundPlayer+JSQMessages.m */ = {isa = PBXFileReference; fileEncoding = 4; lastKnownFileType = sourcecode.c.objc; path = "JSQSystemSoundPlayer+JSQMessages.m"; sourceTree = "<group>"; };
		AC6A34981ABC87DD00AD1CC7 /* NSBundle+JSQMessages.h */ = {isa = PBXFileReference; fileEncoding = 4; lastKnownFileType = sourcecode.c.h; path = "NSBundle+JSQMessages.h"; sourceTree = "<group>"; };
		AC6A34991ABC87DD00AD1CC7 /* NSBundle+JSQMessages.m */ = {isa = PBXFileReference; fileEncoding = 4; lastKnownFileType = sourcecode.c.objc; path = "NSBundle+JSQMessages.m"; sourceTree = "<group>"; };
		AC6A349A1ABC87DD00AD1CC7 /* NSString+JSQMessages.h */ = {isa = PBXFileReference; fileEncoding = 4; lastKnownFileType = sourcecode.c.h; path = "NSString+JSQMessages.h"; sourceTree = "<group>"; };
		AC6A349B1ABC87DD00AD1CC7 /* NSString+JSQMessages.m */ = {isa = PBXFileReference; fileEncoding = 4; lastKnownFileType = sourcecode.c.objc; path = "NSString+JSQMessages.m"; sourceTree = "<group>"; };
		AC6A349C1ABC87DD00AD1CC7 /* UIColor+JSQMessages.h */ = {isa = PBXFileReference; fileEncoding = 4; lastKnownFileType = sourcecode.c.h; path = "UIColor+JSQMessages.h"; sourceTree = "<group>"; };
		AC6A349D1ABC87DD00AD1CC7 /* UIColor+JSQMessages.m */ = {isa = PBXFileReference; fileEncoding = 4; lastKnownFileType = sourcecode.c.objc; path = "UIColor+JSQMessages.m"; sourceTree = "<group>"; };
		AC6A349E1ABC87DD00AD1CC7 /* UIDevice+JSQMessages.h */ = {isa = PBXFileReference; fileEncoding = 4; lastKnownFileType = sourcecode.c.h; path = "UIDevice+JSQMessages.h"; sourceTree = "<group>"; };
		AC6A349F1ABC87DD00AD1CC7 /* UIDevice+JSQMessages.m */ = {isa = PBXFileReference; fileEncoding = 4; lastKnownFileType = sourcecode.c.objc; path = "UIDevice+JSQMessages.m"; sourceTree = "<group>"; };
		AC6A34A01ABC87DD00AD1CC7 /* UIImage+JSQMessages.h */ = {isa = PBXFileReference; fileEncoding = 4; lastKnownFileType = sourcecode.c.h; path = "UIImage+JSQMessages.h"; sourceTree = "<group>"; };
		AC6A34A11ABC87DD00AD1CC7 /* UIImage+JSQMessages.m */ = {isa = PBXFileReference; fileEncoding = 4; lastKnownFileType = sourcecode.c.objc; path = "UIImage+JSQMessages.m"; sourceTree = "<group>"; };
		AC6A34A21ABC87DD00AD1CC7 /* UIView+JSQMessages.h */ = {isa = PBXFileReference; fileEncoding = 4; lastKnownFileType = sourcecode.c.h; path = "UIView+JSQMessages.h"; sourceTree = "<group>"; };
		AC6A34A31ABC87DD00AD1CC7 /* UIView+JSQMessages.m */ = {isa = PBXFileReference; fileEncoding = 4; lastKnownFileType = sourcecode.c.objc; path = "UIView+JSQMessages.m"; sourceTree = "<group>"; };
		AC6A34A51ABC87DD00AD1CC7 /* JSQMessagesKeyboardController.h */ = {isa = PBXFileReference; fileEncoding = 4; lastKnownFileType = sourcecode.c.h; path = JSQMessagesKeyboardController.h; sourceTree = "<group>"; };
		AC6A34A61ABC87DD00AD1CC7 /* JSQMessagesKeyboardController.m */ = {isa = PBXFileReference; fileEncoding = 4; lastKnownFileType = sourcecode.c.objc; path = JSQMessagesKeyboardController.m; sourceTree = "<group>"; };
		AC6A34A71ABC87DD00AD1CC7 /* JSQMessagesViewController.h */ = {isa = PBXFileReference; fileEncoding = 4; lastKnownFileType = sourcecode.c.h; path = JSQMessagesViewController.h; sourceTree = "<group>"; };
		AC6A34A81ABC87DD00AD1CC7 /* JSQMessagesViewController.m */ = {isa = PBXFileReference; fileEncoding = 4; lastKnownFileType = sourcecode.c.objc; path = JSQMessagesViewController.m; sourceTree = "<group>"; };
		AC6A34A91ABC87DD00AD1CC7 /* JSQMessagesViewController.xib */ = {isa = PBXFileReference; fileEncoding = 4; lastKnownFileType = file.xib; path = JSQMessagesViewController.xib; sourceTree = "<group>"; };
		AC6A34AB1ABC87DD00AD1CC7 /* JSQMessagesAvatarImageFactory.h */ = {isa = PBXFileReference; fileEncoding = 4; lastKnownFileType = sourcecode.c.h; path = JSQMessagesAvatarImageFactory.h; sourceTree = "<group>"; };
		AC6A34AC1ABC87DD00AD1CC7 /* JSQMessagesAvatarImageFactory.m */ = {isa = PBXFileReference; fileEncoding = 4; lastKnownFileType = sourcecode.c.objc; path = JSQMessagesAvatarImageFactory.m; sourceTree = "<group>"; };
		AC6A34AD1ABC87DD00AD1CC7 /* JSQMessagesBubbleImageFactory.h */ = {isa = PBXFileReference; fileEncoding = 4; lastKnownFileType = sourcecode.c.h; path = JSQMessagesBubbleImageFactory.h; sourceTree = "<group>"; };
		AC6A34AE1ABC87DD00AD1CC7 /* JSQMessagesBubbleImageFactory.m */ = {isa = PBXFileReference; fileEncoding = 4; lastKnownFileType = sourcecode.c.objc; path = JSQMessagesBubbleImageFactory.m; sourceTree = "<group>"; };
		AC6A34AF1ABC87DD00AD1CC7 /* JSQMessagesMediaViewBubbleImageMasker.h */ = {isa = PBXFileReference; fileEncoding = 4; lastKnownFileType = sourcecode.c.h; path = JSQMessagesMediaViewBubbleImageMasker.h; sourceTree = "<group>"; };
		AC6A34B01ABC87DD00AD1CC7 /* JSQMessagesMediaViewBubbleImageMasker.m */ = {isa = PBXFileReference; fileEncoding = 4; lastKnownFileType = sourcecode.c.objc; path = JSQMessagesMediaViewBubbleImageMasker.m; sourceTree = "<group>"; };
		AC6A34B11ABC87DD00AD1CC7 /* JSQMessagesTimestampFormatter.h */ = {isa = PBXFileReference; fileEncoding = 4; lastKnownFileType = sourcecode.c.h; path = JSQMessagesTimestampFormatter.h; sourceTree = "<group>"; };
		AC6A34B21ABC87DD00AD1CC7 /* JSQMessagesTimestampFormatter.m */ = {isa = PBXFileReference; fileEncoding = 4; lastKnownFileType = sourcecode.c.objc; path = JSQMessagesTimestampFormatter.m; sourceTree = "<group>"; };
		AC6A34B31ABC87DD00AD1CC7 /* JSQMessagesToolbarButtonFactory.h */ = {isa = PBXFileReference; fileEncoding = 4; lastKnownFileType = sourcecode.c.h; path = JSQMessagesToolbarButtonFactory.h; sourceTree = "<group>"; };
		AC6A34B41ABC87DD00AD1CC7 /* JSQMessagesToolbarButtonFactory.m */ = {isa = PBXFileReference; fileEncoding = 4; lastKnownFileType = sourcecode.c.objc; path = JSQMessagesToolbarButtonFactory.m; sourceTree = "<group>"; };
		AC6A34B51ABC87DD00AD1CC7 /* JSQMessages.h */ = {isa = PBXFileReference; fileEncoding = 4; lastKnownFileType = sourcecode.c.h; path = JSQMessages.h; sourceTree = "<group>"; };
		AC6A34B71ABC87DD00AD1CC7 /* JSQMessagesCollectionViewFlowLayout.h */ = {isa = PBXFileReference; fileEncoding = 4; lastKnownFileType = sourcecode.c.h; path = JSQMessagesCollectionViewFlowLayout.h; sourceTree = "<group>"; };
		AC6A34B81ABC87DD00AD1CC7 /* JSQMessagesCollectionViewFlowLayout.m */ = {isa = PBXFileReference; fileEncoding = 4; lastKnownFileType = sourcecode.c.objc; path = JSQMessagesCollectionViewFlowLayout.m; sourceTree = "<group>"; };
		AC6A34B91ABC87DD00AD1CC7 /* JSQMessagesCollectionViewFlowLayoutInvalidationContext.h */ = {isa = PBXFileReference; fileEncoding = 4; lastKnownFileType = sourcecode.c.h; path = JSQMessagesCollectionViewFlowLayoutInvalidationContext.h; sourceTree = "<group>"; };
		AC6A34BA1ABC87DD00AD1CC7 /* JSQMessagesCollectionViewFlowLayoutInvalidationContext.m */ = {isa = PBXFileReference; fileEncoding = 4; lastKnownFileType = sourcecode.c.objc; path = JSQMessagesCollectionViewFlowLayoutInvalidationContext.m; sourceTree = "<group>"; };
		AC6A34BB1ABC87DD00AD1CC7 /* JSQMessagesCollectionViewLayoutAttributes.h */ = {isa = PBXFileReference; fileEncoding = 4; lastKnownFileType = sourcecode.c.h; path = JSQMessagesCollectionViewLayoutAttributes.h; sourceTree = "<group>"; };
		AC6A34BC1ABC87DD00AD1CC7 /* JSQMessagesCollectionViewLayoutAttributes.m */ = {isa = PBXFileReference; fileEncoding = 4; lastKnownFileType = sourcecode.c.objc; path = JSQMessagesCollectionViewLayoutAttributes.m; sourceTree = "<group>"; };
		AC6A34BE1ABC87DD00AD1CC7 /* JSQLocationMediaItem.h */ = {isa = PBXFileReference; fileEncoding = 4; lastKnownFileType = sourcecode.c.h; path = JSQLocationMediaItem.h; sourceTree = "<group>"; };
		AC6A34BF1ABC87DD00AD1CC7 /* JSQLocationMediaItem.m */ = {isa = PBXFileReference; fileEncoding = 4; lastKnownFileType = sourcecode.c.objc; path = JSQLocationMediaItem.m; sourceTree = "<group>"; };
		AC6A34C01ABC87DD00AD1CC7 /* JSQMediaItem.h */ = {isa = PBXFileReference; fileEncoding = 4; lastKnownFileType = sourcecode.c.h; path = JSQMediaItem.h; sourceTree = "<group>"; };
		AC6A34C11ABC87DD00AD1CC7 /* JSQMediaItem.m */ = {isa = PBXFileReference; fileEncoding = 4; lastKnownFileType = sourcecode.c.objc; path = JSQMediaItem.m; sourceTree = "<group>"; };
		AC6A34C21ABC87DD00AD1CC7 /* JSQMessage.h */ = {isa = PBXFileReference; fileEncoding = 4; lastKnownFileType = sourcecode.c.h; path = JSQMessage.h; sourceTree = "<group>"; };
		AC6A34C31ABC87DD00AD1CC7 /* JSQMessage.m */ = {isa = PBXFileReference; fileEncoding = 4; lastKnownFileType = sourcecode.c.objc; path = JSQMessage.m; sourceTree = "<group>"; };
		AC6A34C41ABC87DD00AD1CC7 /* JSQMessageAvatarImageDataSource.h */ = {isa = PBXFileReference; fileEncoding = 4; lastKnownFileType = sourcecode.c.h; path = JSQMessageAvatarImageDataSource.h; sourceTree = "<group>"; };
		AC6A34C51ABC87DD00AD1CC7 /* JSQMessageBubbleImageDataSource.h */ = {isa = PBXFileReference; fileEncoding = 4; lastKnownFileType = sourcecode.c.h; path = JSQMessageBubbleImageDataSource.h; sourceTree = "<group>"; };
		AC6A34C61ABC87DD00AD1CC7 /* JSQMessageData.h */ = {isa = PBXFileReference; fileEncoding = 4; lastKnownFileType = sourcecode.c.h; path = JSQMessageData.h; sourceTree = "<group>"; };
		AC6A34C71ABC87DD00AD1CC7 /* JSQMessageMediaData.h */ = {isa = PBXFileReference; fileEncoding = 4; lastKnownFileType = sourcecode.c.h; path = JSQMessageMediaData.h; sourceTree = "<group>"; };
		AC6A34C81ABC87DD00AD1CC7 /* JSQMessagesAvatarImage.h */ = {isa = PBXFileReference; fileEncoding = 4; lastKnownFileType = sourcecode.c.h; path = JSQMessagesAvatarImage.h; sourceTree = "<group>"; };
		AC6A34C91ABC87DD00AD1CC7 /* JSQMessagesAvatarImage.m */ = {isa = PBXFileReference; fileEncoding = 4; lastKnownFileType = sourcecode.c.objc; path = JSQMessagesAvatarImage.m; sourceTree = "<group>"; };
		AC6A34CA1ABC87DD00AD1CC7 /* JSQMessagesBubbleImage.h */ = {isa = PBXFileReference; fileEncoding = 4; lastKnownFileType = sourcecode.c.h; path = JSQMessagesBubbleImage.h; sourceTree = "<group>"; };
		AC6A34CB1ABC87DD00AD1CC7 /* JSQMessagesBubbleImage.m */ = {isa = PBXFileReference; fileEncoding = 4; lastKnownFileType = sourcecode.c.objc; path = JSQMessagesBubbleImage.m; sourceTree = "<group>"; };
		AC6A34CC1ABC87DD00AD1CC7 /* JSQMessagesCollectionViewDataSource.h */ = {isa = PBXFileReference; fileEncoding = 4; lastKnownFileType = sourcecode.c.h; path = JSQMessagesCollectionViewDataSource.h; sourceTree = "<group>"; };
		AC6A34CD1ABC87DD00AD1CC7 /* JSQMessagesCollectionViewDelegateFlowLayout.h */ = {isa = PBXFileReference; fileEncoding = 4; lastKnownFileType = sourcecode.c.h; path = JSQMessagesCollectionViewDelegateFlowLayout.h; sourceTree = "<group>"; };
		AC6A34CE1ABC87DD00AD1CC7 /* JSQPhotoMediaItem.h */ = {isa = PBXFileReference; fileEncoding = 4; lastKnownFileType = sourcecode.c.h; path = JSQPhotoMediaItem.h; sourceTree = "<group>"; };
		AC6A34CF1ABC87DD00AD1CC7 /* JSQPhotoMediaItem.m */ = {isa = PBXFileReference; fileEncoding = 4; lastKnownFileType = sourcecode.c.objc; path = JSQPhotoMediaItem.m; sourceTree = "<group>"; };
		AC6A34D01ABC87DD00AD1CC7 /* JSQVideoMediaItem.h */ = {isa = PBXFileReference; fileEncoding = 4; lastKnownFileType = sourcecode.c.h; path = JSQVideoMediaItem.h; sourceTree = "<group>"; };
		AC6A34D11ABC87DD00AD1CC7 /* JSQVideoMediaItem.m */ = {isa = PBXFileReference; fileEncoding = 4; lastKnownFileType = sourcecode.c.objc; path = JSQVideoMediaItem.m; sourceTree = "<group>"; };
		AC6A34D31ABC87DD00AD1CC7 /* JSQMessagesCellTextView.h */ = {isa = PBXFileReference; fileEncoding = 4; lastKnownFileType = sourcecode.c.h; path = JSQMessagesCellTextView.h; sourceTree = "<group>"; };
		AC6A34D41ABC87DD00AD1CC7 /* JSQMessagesCellTextView.m */ = {isa = PBXFileReference; fileEncoding = 4; lastKnownFileType = sourcecode.c.objc; path = JSQMessagesCellTextView.m; sourceTree = "<group>"; };
		AC6A34D51ABC87DD00AD1CC7 /* JSQMessagesCollectionView.h */ = {isa = PBXFileReference; fileEncoding = 4; lastKnownFileType = sourcecode.c.h; path = JSQMessagesCollectionView.h; sourceTree = "<group>"; };
		AC6A34D61ABC87DD00AD1CC7 /* JSQMessagesCollectionView.m */ = {isa = PBXFileReference; fileEncoding = 4; lastKnownFileType = sourcecode.c.objc; path = JSQMessagesCollectionView.m; sourceTree = "<group>"; };
		AC6A34D71ABC87DD00AD1CC7 /* JSQMessagesCollectionViewCell.h */ = {isa = PBXFileReference; fileEncoding = 4; lastKnownFileType = sourcecode.c.h; path = JSQMessagesCollectionViewCell.h; sourceTree = "<group>"; };
		AC6A34D81ABC87DD00AD1CC7 /* JSQMessagesCollectionViewCell.m */ = {isa = PBXFileReference; fileEncoding = 4; lastKnownFileType = sourcecode.c.objc; path = JSQMessagesCollectionViewCell.m; sourceTree = "<group>"; };
		AC6A34D91ABC87DD00AD1CC7 /* JSQMessagesCollectionViewCellIncoming.h */ = {isa = PBXFileReference; fileEncoding = 4; lastKnownFileType = sourcecode.c.h; path = JSQMessagesCollectionViewCellIncoming.h; sourceTree = "<group>"; };
		AC6A34DA1ABC87DD00AD1CC7 /* JSQMessagesCollectionViewCellIncoming.m */ = {isa = PBXFileReference; fileEncoding = 4; lastKnownFileType = sourcecode.c.objc; path = JSQMessagesCollectionViewCellIncoming.m; sourceTree = "<group>"; };
		AC6A34DB1ABC87DD00AD1CC7 /* JSQMessagesCollectionViewCellIncoming.xib */ = {isa = PBXFileReference; fileEncoding = 4; lastKnownFileType = file.xib; path = JSQMessagesCollectionViewCellIncoming.xib; sourceTree = "<group>"; };
		AC6A34DC1ABC87DD00AD1CC7 /* JSQMessagesCollectionViewCellOutgoing.h */ = {isa = PBXFileReference; fileEncoding = 4; lastKnownFileType = sourcecode.c.h; path = JSQMessagesCollectionViewCellOutgoing.h; sourceTree = "<group>"; };
		AC6A34DD1ABC87DD00AD1CC7 /* JSQMessagesCollectionViewCellOutgoing.m */ = {isa = PBXFileReference; fileEncoding = 4; lastKnownFileType = sourcecode.c.objc; path = JSQMessagesCollectionViewCellOutgoing.m; sourceTree = "<group>"; };
		AC6A34DE1ABC87DD00AD1CC7 /* JSQMessagesCollectionViewCellOutgoing.xib */ = {isa = PBXFileReference; fileEncoding = 4; lastKnownFileType = file.xib; path = JSQMessagesCollectionViewCellOutgoing.xib; sourceTree = "<group>"; };
		AC6A34DF1ABC87DD00AD1CC7 /* JSQMessagesComposerTextView.h */ = {isa = PBXFileReference; fileEncoding = 4; lastKnownFileType = sourcecode.c.h; path = JSQMessagesComposerTextView.h; sourceTree = "<group>"; };
		AC6A34E01ABC87DD00AD1CC7 /* JSQMessagesComposerTextView.m */ = {isa = PBXFileReference; fileEncoding = 4; lastKnownFileType = sourcecode.c.objc; path = JSQMessagesComposerTextView.m; sourceTree = "<group>"; };
		AC6A34E11ABC87DD00AD1CC7 /* JSQMessagesInputToolbar.h */ = {isa = PBXFileReference; fileEncoding = 4; lastKnownFileType = sourcecode.c.h; path = JSQMessagesInputToolbar.h; sourceTree = "<group>"; };
		AC6A34E21ABC87DD00AD1CC7 /* JSQMessagesInputToolbar.m */ = {isa = PBXFileReference; fileEncoding = 4; lastKnownFileType = sourcecode.c.objc; path = JSQMessagesInputToolbar.m; sourceTree = "<group>"; };
		AC6A34E31ABC87DD00AD1CC7 /* JSQMessagesLabel.h */ = {isa = PBXFileReference; fileEncoding = 4; lastKnownFileType = sourcecode.c.h; path = JSQMessagesLabel.h; sourceTree = "<group>"; };
		AC6A34E41ABC87DD00AD1CC7 /* JSQMessagesLabel.m */ = {isa = PBXFileReference; fileEncoding = 4; lastKnownFileType = sourcecode.c.objc; path = JSQMessagesLabel.m; sourceTree = "<group>"; };
		AC6A34E51ABC87DD00AD1CC7 /* JSQMessagesLoadEarlierHeaderView.h */ = {isa = PBXFileReference; fileEncoding = 4; lastKnownFileType = sourcecode.c.h; path = JSQMessagesLoadEarlierHeaderView.h; sourceTree = "<group>"; };
		AC6A34E61ABC87DD00AD1CC7 /* JSQMessagesLoadEarlierHeaderView.m */ = {isa = PBXFileReference; fileEncoding = 4; lastKnownFileType = sourcecode.c.objc; path = JSQMessagesLoadEarlierHeaderView.m; sourceTree = "<group>"; };
		AC6A34E71ABC87DD00AD1CC7 /* JSQMessagesLoadEarlierHeaderView.xib */ = {isa = PBXFileReference; fileEncoding = 4; lastKnownFileType = file.xib; path = JSQMessagesLoadEarlierHeaderView.xib; sourceTree = "<group>"; };
		AC6A34E81ABC87DD00AD1CC7 /* JSQMessagesMediaPlaceholderView.h */ = {isa = PBXFileReference; fileEncoding = 4; lastKnownFileType = sourcecode.c.h; path = JSQMessagesMediaPlaceholderView.h; sourceTree = "<group>"; };
		AC6A34E91ABC87DD00AD1CC7 /* JSQMessagesMediaPlaceholderView.m */ = {isa = PBXFileReference; fileEncoding = 4; lastKnownFileType = sourcecode.c.objc; path = JSQMessagesMediaPlaceholderView.m; sourceTree = "<group>"; };
		AC6A34EA1ABC87DD00AD1CC7 /* JSQMessagesToolbarContentView.h */ = {isa = PBXFileReference; fileEncoding = 4; lastKnownFileType = sourcecode.c.h; path = JSQMessagesToolbarContentView.h; sourceTree = "<group>"; };
		AC6A34EB1ABC87DD00AD1CC7 /* JSQMessagesToolbarContentView.m */ = {isa = PBXFileReference; fileEncoding = 4; lastKnownFileType = sourcecode.c.objc; path = JSQMessagesToolbarContentView.m; sourceTree = "<group>"; };
		AC6A34EC1ABC87DD00AD1CC7 /* JSQMessagesToolbarContentView.xib */ = {isa = PBXFileReference; fileEncoding = 4; lastKnownFileType = file.xib; path = JSQMessagesToolbarContentView.xib; sourceTree = "<group>"; };
		AC6A34ED1ABC87DD00AD1CC7 /* JSQMessagesTypingIndicatorFooterView.h */ = {isa = PBXFileReference; fileEncoding = 4; lastKnownFileType = sourcecode.c.h; path = JSQMessagesTypingIndicatorFooterView.h; sourceTree = "<group>"; };
		AC6A34EE1ABC87DD00AD1CC7 /* JSQMessagesTypingIndicatorFooterView.m */ = {isa = PBXFileReference; fileEncoding = 4; lastKnownFileType = sourcecode.c.objc; path = JSQMessagesTypingIndicatorFooterView.m; sourceTree = "<group>"; };
		AC6A34EF1ABC87DD00AD1CC7 /* JSQMessagesTypingIndicatorFooterView.xib */ = {isa = PBXFileReference; fileEncoding = 4; lastKnownFileType = file.xib; path = JSQMessagesTypingIndicatorFooterView.xib; sourceTree = "<group>"; };
		AC6A351B1ABC883000AD1CC7 /* Bridge-Knock.h */ = {isa = PBXFileReference; lastKnownFileType = sourcecode.c.h; path = "Bridge-Knock.h"; sourceTree = "<group>"; };
		AC6A351E1ABC89D000AD1CC7 /* JSQSystemSoundPlayer.h */ = {isa = PBXFileReference; fileEncoding = 4; lastKnownFileType = sourcecode.c.h; path = JSQSystemSoundPlayer.h; sourceTree = "<group>"; };
		AC6A351F1ABC89D000AD1CC7 /* JSQSystemSoundPlayer.m */ = {isa = PBXFileReference; fileEncoding = 4; lastKnownFileType = sourcecode.c.objc; path = JSQSystemSoundPlayer.m; sourceTree = "<group>"; };
		AC6A35211ABC929C00AD1CC7 /* ChatRoomViewController.swift */ = {isa = PBXFileReference; fileEncoding = 4; lastKnownFileType = sourcecode.swift; path = ChatRoomViewController.swift; sourceTree = "<group>"; };
		AC6A35231ABC955200AD1CC7 /* Network.swift */ = {isa = PBXFileReference; fileEncoding = 4; lastKnownFileType = sourcecode.swift; path = Network.swift; sourceTree = "<group>"; };
		AC6A352E1ABE20D300AD1CC7 /* SwiftyJSON.swift */ = {isa = PBXFileReference; fileEncoding = 4; lastKnownFileType = sourcecode.swift; path = SwiftyJSON.swift; sourceTree = "<group>"; };
		ACDF194B1AC30B4500853851 /* MBProgressHUD.h */ = {isa = PBXFileReference; lastKnownFileType = sourcecode.c.h; path = MBProgressHUD.h; sourceTree = "<group>"; };
		ACDF194C1AC30B4A00853851 /* MBProgressHUD.m */ = {isa = PBXFileReference; fileEncoding = 4; lastKnownFileType = sourcecode.c.objc; path = MBProgressHUD.m; sourceTree = "<group>"; };
		ACF8D0BC1AC6A803003C93D2 /* Userinfo.swift */ = {isa = PBXFileReference; fileEncoding = 4; lastKnownFileType = sourcecode.swift; path = Userinfo.swift; sourceTree = "<group>"; };
/* End PBXFileReference section */

/* Begin PBXFrameworksBuildPhase section */
		AC6A34561ABC3BDA00AD1CC7 /* Frameworks */ = {
			isa = PBXFrameworksBuildPhase;
			buildActionMask = 2147483647;
			files = (
			);
			runOnlyForDeploymentPostprocessing = 0;
		};
		AC6A346D1ABC3BDB00AD1CC7 /* Frameworks */ = {
			isa = PBXFrameworksBuildPhase;
			buildActionMask = 2147483647;
			files = (
			);
			runOnlyForDeploymentPostprocessing = 0;
		};
/* End PBXFrameworksBuildPhase section */

/* Begin PBXGroup section */
		AC6A34501ABC3BDA00AD1CC7 = {
			isa = PBXGroup;
			children = (
				AC6A34891ABC7FA800AD1CC7 /* pod */,
				AC6A345B1ABC3BDA00AD1CC7 /* Knock_0319 */,
				AC6A34731ABC3BDB00AD1CC7 /* Knock_0319Tests */,
				AC6A345A1ABC3BDA00AD1CC7 /* Products */,
			);
			sourceTree = "<group>";
		};
		AC6A345A1ABC3BDA00AD1CC7 /* Products */ = {
			isa = PBXGroup;
			children = (
				AC6A34591ABC3BDA00AD1CC7 /* Knock_0319.app */,
				AC6A34701ABC3BDB00AD1CC7 /* Knock_0319Tests.xctest */,
			);
			name = Products;
			sourceTree = "<group>";
		};
		AC6A345B1ABC3BDA00AD1CC7 /* Knock_0319 */ = {
			isa = PBXGroup;
			children = (
				AC6A345E1ABC3BDA00AD1CC7 /* AppDelegate.swift */,
				AC6A34601ABC3BDA00AD1CC7 /* FirstViewController.swift */,
				AC6A34621ABC3BDA00AD1CC7 /* SecondViewController.swift */,
				AC6A35211ABC929C00AD1CC7 /* ChatRoomViewController.swift */,
				AC6A34641ABC3BDA00AD1CC7 /* Main.storyboard */,
				AC6A34671ABC3BDA00AD1CC7 /* Images.xcassets */,
				AC6A34691ABC3BDA00AD1CC7 /* LaunchScreen.xib */,
				AC6A345C1ABC3BDA00AD1CC7 /* Supporting Files */,
			);
			path = Knock_0319;
			sourceTree = "<group>";
		};
		AC6A345C1ABC3BDA00AD1CC7 /* Supporting Files */ = {
			isa = PBXGroup;
			children = (
				AC6A352E1ABE20D300AD1CC7 /* SwiftyJSON.swift */,
				AC6A345D1ABC3BDA00AD1CC7 /* Info.plist */,
				AC6A351B1ABC883000AD1CC7 /* Bridge-Knock.h */,
				AC6A35231ABC955200AD1CC7 /* Network.swift */,
				AC6A34861ABC460C00AD1CC7 /* Knock_0319.xcdatamodeld */,
				AC6A34841ABC43A100AD1CC7 /* RoomListTableViewCell.swift */,
				AC6A34801ABC42E500AD1CC7 /* Roominfo.swift */,
				ACF8D0BC1AC6A803003C93D2 /* Userinfo.swift */,
			);
			name = "Supporting Files";
			sourceTree = "<group>";
		};
		AC6A34731ABC3BDB00AD1CC7 /* Knock_0319Tests */ = {
			isa = PBXGroup;
			children = (
				AC6A34761ABC3BDB00AD1CC7 /* Knock_0319Tests.swift */,
				AC6A34741ABC3BDB00AD1CC7 /* Supporting Files */,
			);
			path = Knock_0319Tests;
			sourceTree = "<group>";
		};
		AC6A34741ABC3BDB00AD1CC7 /* Supporting Files */ = {
			isa = PBXGroup;
			children = (
				AC6A34751ABC3BDB00AD1CC7 /* Info.plist */,
			);
			name = "Supporting Files";
			sourceTree = "<group>";
		};
		AC6A34891ABC7FA800AD1CC7 /* pod */ = {
			isa = PBXGroup;
			children = (
				ACDF194A1AC30B1D00853851 /* HUD */,
				AC6A351C1ABC89D000AD1CC7 /* JSQSystemSoundPlayer */,
				AC6A34921ABC87DD00AD1CC7 /* JSQMessagesViewController */,
			);
			name = pod;
			sourceTree = "<group>";
		};
		AC6A34921ABC87DD00AD1CC7 /* JSQMessagesViewController */ = {
			isa = PBXGroup;
			children = (
				AC6A34931ABC87DD00AD1CC7 /* Assets */,
				AC6A34951ABC87DD00AD1CC7 /* Categories */,
				AC6A34A41ABC87DD00AD1CC7 /* Controllers */,
				AC6A34AA1ABC87DD00AD1CC7 /* Factories */,
				AC6A34B51ABC87DD00AD1CC7 /* JSQMessages.h */,
				AC6A34B61ABC87DD00AD1CC7 /* Layout */,
				AC6A34BD1ABC87DD00AD1CC7 /* Model */,
				AC6A34D21ABC87DD00AD1CC7 /* Views */,
			);
			path = JSQMessagesViewController;
			sourceTree = "<group>";
		};
		AC6A34931ABC87DD00AD1CC7 /* Assets */ = {
			isa = PBXGroup;
			children = (
				AC6A34941ABC87DD00AD1CC7 /* JSQMessagesAssets.bundle */,
			);
			path = Assets;
			sourceTree = "<group>";
		};
		AC6A34951ABC87DD00AD1CC7 /* Categories */ = {
			isa = PBXGroup;
			children = (
				AC6A34961ABC87DD00AD1CC7 /* JSQSystemSoundPlayer+JSQMessages.h */,
				AC6A34971ABC87DD00AD1CC7 /* JSQSystemSoundPlayer+JSQMessages.m */,
				AC6A34981ABC87DD00AD1CC7 /* NSBundle+JSQMessages.h */,
				AC6A34991ABC87DD00AD1CC7 /* NSBundle+JSQMessages.m */,
				AC6A349A1ABC87DD00AD1CC7 /* NSString+JSQMessages.h */,
				AC6A349B1ABC87DD00AD1CC7 /* NSString+JSQMessages.m */,
				AC6A349C1ABC87DD00AD1CC7 /* UIColor+JSQMessages.h */,
				AC6A349D1ABC87DD00AD1CC7 /* UIColor+JSQMessages.m */,
				AC6A349E1ABC87DD00AD1CC7 /* UIDevice+JSQMessages.h */,
				AC6A349F1ABC87DD00AD1CC7 /* UIDevice+JSQMessages.m */,
				AC6A34A01ABC87DD00AD1CC7 /* UIImage+JSQMessages.h */,
				AC6A34A11ABC87DD00AD1CC7 /* UIImage+JSQMessages.m */,
				AC6A34A21ABC87DD00AD1CC7 /* UIView+JSQMessages.h */,
				AC6A34A31ABC87DD00AD1CC7 /* UIView+JSQMessages.m */,
			);
			path = Categories;
			sourceTree = "<group>";
		};
		AC6A34A41ABC87DD00AD1CC7 /* Controllers */ = {
			isa = PBXGroup;
			children = (
				AC6A34A51ABC87DD00AD1CC7 /* JSQMessagesKeyboardController.h */,
				AC6A34A61ABC87DD00AD1CC7 /* JSQMessagesKeyboardController.m */,
				AC6A34A71ABC87DD00AD1CC7 /* JSQMessagesViewController.h */,
				AC6A34A81ABC87DD00AD1CC7 /* JSQMessagesViewController.m */,
				AC6A34A91ABC87DD00AD1CC7 /* JSQMessagesViewController.xib */,
			);
			path = Controllers;
			sourceTree = "<group>";
		};
		AC6A34AA1ABC87DD00AD1CC7 /* Factories */ = {
			isa = PBXGroup;
			children = (
				AC6A34AB1ABC87DD00AD1CC7 /* JSQMessagesAvatarImageFactory.h */,
				AC6A34AC1ABC87DD00AD1CC7 /* JSQMessagesAvatarImageFactory.m */,
				AC6A34AD1ABC87DD00AD1CC7 /* JSQMessagesBubbleImageFactory.h */,
				AC6A34AE1ABC87DD00AD1CC7 /* JSQMessagesBubbleImageFactory.m */,
				AC6A34AF1ABC87DD00AD1CC7 /* JSQMessagesMediaViewBubbleImageMasker.h */,
				AC6A34B01ABC87DD00AD1CC7 /* JSQMessagesMediaViewBubbleImageMasker.m */,
				AC6A34B11ABC87DD00AD1CC7 /* JSQMessagesTimestampFormatter.h */,
				AC6A34B21ABC87DD00AD1CC7 /* JSQMessagesTimestampFormatter.m */,
				AC6A34B31ABC87DD00AD1CC7 /* JSQMessagesToolbarButtonFactory.h */,
				AC6A34B41ABC87DD00AD1CC7 /* JSQMessagesToolbarButtonFactory.m */,
			);
			path = Factories;
			sourceTree = "<group>";
		};
		AC6A34B61ABC87DD00AD1CC7 /* Layout */ = {
			isa = PBXGroup;
			children = (
				AC6A34B71ABC87DD00AD1CC7 /* JSQMessagesCollectionViewFlowLayout.h */,
				AC6A34B81ABC87DD00AD1CC7 /* JSQMessagesCollectionViewFlowLayout.m */,
				AC6A34B91ABC87DD00AD1CC7 /* JSQMessagesCollectionViewFlowLayoutInvalidationContext.h */,
				AC6A34BA1ABC87DD00AD1CC7 /* JSQMessagesCollectionViewFlowLayoutInvalidationContext.m */,
				AC6A34BB1ABC87DD00AD1CC7 /* JSQMessagesCollectionViewLayoutAttributes.h */,
				AC6A34BC1ABC87DD00AD1CC7 /* JSQMessagesCollectionViewLayoutAttributes.m */,
			);
			path = Layout;
			sourceTree = "<group>";
		};
		AC6A34BD1ABC87DD00AD1CC7 /* Model */ = {
			isa = PBXGroup;
			children = (
				AC6A34BE1ABC87DD00AD1CC7 /* JSQLocationMediaItem.h */,
				AC6A34BF1ABC87DD00AD1CC7 /* JSQLocationMediaItem.m */,
				AC6A34C01ABC87DD00AD1CC7 /* JSQMediaItem.h */,
				AC6A34C11ABC87DD00AD1CC7 /* JSQMediaItem.m */,
				AC6A34C21ABC87DD00AD1CC7 /* JSQMessage.h */,
				AC6A34C31ABC87DD00AD1CC7 /* JSQMessage.m */,
				AC6A34C41ABC87DD00AD1CC7 /* JSQMessageAvatarImageDataSource.h */,
				AC6A34C51ABC87DD00AD1CC7 /* JSQMessageBubbleImageDataSource.h */,
				AC6A34C61ABC87DD00AD1CC7 /* JSQMessageData.h */,
				AC6A34C71ABC87DD00AD1CC7 /* JSQMessageMediaData.h */,
				AC6A34C81ABC87DD00AD1CC7 /* JSQMessagesAvatarImage.h */,
				AC6A34C91ABC87DD00AD1CC7 /* JSQMessagesAvatarImage.m */,
				AC6A34CA1ABC87DD00AD1CC7 /* JSQMessagesBubbleImage.h */,
				AC6A34CB1ABC87DD00AD1CC7 /* JSQMessagesBubbleImage.m */,
				AC6A34CC1ABC87DD00AD1CC7 /* JSQMessagesCollectionViewDataSource.h */,
				AC6A34CD1ABC87DD00AD1CC7 /* JSQMessagesCollectionViewDelegateFlowLayout.h */,
				AC6A34CE1ABC87DD00AD1CC7 /* JSQPhotoMediaItem.h */,
				AC6A34CF1ABC87DD00AD1CC7 /* JSQPhotoMediaItem.m */,
				AC6A34D01ABC87DD00AD1CC7 /* JSQVideoMediaItem.h */,
				AC6A34D11ABC87DD00AD1CC7 /* JSQVideoMediaItem.m */,
			);
			path = Model;
			sourceTree = "<group>";
		};
		AC6A34D21ABC87DD00AD1CC7 /* Views */ = {
			isa = PBXGroup;
			children = (
				AC6A34D31ABC87DD00AD1CC7 /* JSQMessagesCellTextView.h */,
				AC6A34D41ABC87DD00AD1CC7 /* JSQMessagesCellTextView.m */,
				AC6A34D51ABC87DD00AD1CC7 /* JSQMessagesCollectionView.h */,
				AC6A34D61ABC87DD00AD1CC7 /* JSQMessagesCollectionView.m */,
				AC6A34D71ABC87DD00AD1CC7 /* JSQMessagesCollectionViewCell.h */,
				AC6A34D81ABC87DD00AD1CC7 /* JSQMessagesCollectionViewCell.m */,
				AC6A34D91ABC87DD00AD1CC7 /* JSQMessagesCollectionViewCellIncoming.h */,
				AC6A34DA1ABC87DD00AD1CC7 /* JSQMessagesCollectionViewCellIncoming.m */,
				AC6A34DB1ABC87DD00AD1CC7 /* JSQMessagesCollectionViewCellIncoming.xib */,
				AC6A34DC1ABC87DD00AD1CC7 /* JSQMessagesCollectionViewCellOutgoing.h */,
				AC6A34DD1ABC87DD00AD1CC7 /* JSQMessagesCollectionViewCellOutgoing.m */,
				AC6A34DE1ABC87DD00AD1CC7 /* JSQMessagesCollectionViewCellOutgoing.xib */,
				AC6A34DF1ABC87DD00AD1CC7 /* JSQMessagesComposerTextView.h */,
				AC6A34E01ABC87DD00AD1CC7 /* JSQMessagesComposerTextView.m */,
				AC6A34E11ABC87DD00AD1CC7 /* JSQMessagesInputToolbar.h */,
				AC6A34E21ABC87DD00AD1CC7 /* JSQMessagesInputToolbar.m */,
				AC6A34E31ABC87DD00AD1CC7 /* JSQMessagesLabel.h */,
				AC6A34E41ABC87DD00AD1CC7 /* JSQMessagesLabel.m */,
				AC6A34E51ABC87DD00AD1CC7 /* JSQMessagesLoadEarlierHeaderView.h */,
				AC6A34E61ABC87DD00AD1CC7 /* JSQMessagesLoadEarlierHeaderView.m */,
				AC6A34E71ABC87DD00AD1CC7 /* JSQMessagesLoadEarlierHeaderView.xib */,
				AC6A34E81ABC87DD00AD1CC7 /* JSQMessagesMediaPlaceholderView.h */,
				AC6A34E91ABC87DD00AD1CC7 /* JSQMessagesMediaPlaceholderView.m */,
				AC6A34EA1ABC87DD00AD1CC7 /* JSQMessagesToolbarContentView.h */,
				AC6A34EB1ABC87DD00AD1CC7 /* JSQMessagesToolbarContentView.m */,
				AC6A34EC1ABC87DD00AD1CC7 /* JSQMessagesToolbarContentView.xib */,
				AC6A34ED1ABC87DD00AD1CC7 /* JSQMessagesTypingIndicatorFooterView.h */,
				AC6A34EE1ABC87DD00AD1CC7 /* JSQMessagesTypingIndicatorFooterView.m */,
				AC6A34EF1ABC87DD00AD1CC7 /* JSQMessagesTypingIndicatorFooterView.xib */,
			);
			path = Views;
			sourceTree = "<group>";
		};
		AC6A351C1ABC89D000AD1CC7 /* JSQSystemSoundPlayer */ = {
			isa = PBXGroup;
			children = (
				AC6A351D1ABC89D000AD1CC7 /* Classes */,
			);
			path = JSQSystemSoundPlayer;
			sourceTree = "<group>";
		};
		AC6A351D1ABC89D000AD1CC7 /* Classes */ = {
			isa = PBXGroup;
			children = (
				AC6A351E1ABC89D000AD1CC7 /* JSQSystemSoundPlayer.h */,
				AC6A351F1ABC89D000AD1CC7 /* JSQSystemSoundPlayer.m */,
			);
			path = Classes;
			sourceTree = "<group>";
		};
		ACDF194A1AC30B1D00853851 /* HUD */ = {
			isa = PBXGroup;
			children = (
				ACDF194C1AC30B4A00853851 /* MBProgressHUD.m */,
				ACDF194B1AC30B4500853851 /* MBProgressHUD.h */,
			);
			name = HUD;
			sourceTree = "<group>";
		};
/* End PBXGroup section */

/* Begin PBXNativeTarget section */
		AC6A34581ABC3BDA00AD1CC7 /* Knock_0319 */ = {
			isa = PBXNativeTarget;
			buildConfigurationList = AC6A347A1ABC3BDB00AD1CC7 /* Build configuration list for PBXNativeTarget "Knock_0319" */;
			buildPhases = (
				AC6A34551ABC3BDA00AD1CC7 /* Sources */,
				AC6A34561ABC3BDA00AD1CC7 /* Frameworks */,
				AC6A34571ABC3BDA00AD1CC7 /* Resources */,
			);
			buildRules = (
			);
			dependencies = (
			);
			name = Knock_0319;
			productName = Knock_0319;
			productReference = AC6A34591ABC3BDA00AD1CC7 /* Knock_0319.app */;
			productType = "com.apple.product-type.application";
		};
		AC6A346F1ABC3BDB00AD1CC7 /* Knock_0319Tests */ = {
			isa = PBXNativeTarget;
			buildConfigurationList = AC6A347D1ABC3BDB00AD1CC7 /* Build configuration list for PBXNativeTarget "Knock_0319Tests" */;
			buildPhases = (
				AC6A346C1ABC3BDB00AD1CC7 /* Sources */,
				AC6A346D1ABC3BDB00AD1CC7 /* Frameworks */,
				AC6A346E1ABC3BDB00AD1CC7 /* Resources */,
			);
			buildRules = (
			);
			dependencies = (
				AC6A34721ABC3BDB00AD1CC7 /* PBXTargetDependency */,
			);
			name = Knock_0319Tests;
			productName = Knock_0319Tests;
			productReference = AC6A34701ABC3BDB00AD1CC7 /* Knock_0319Tests.xctest */;
			productType = "com.apple.product-type.bundle.unit-test";
		};
/* End PBXNativeTarget section */

/* Begin PBXProject section */
		AC6A34511ABC3BDA00AD1CC7 /* Project object */ = {
			isa = PBXProject;
			attributes = {
				LastUpgradeCheck = 0610;
				ORGANIZATIONNAME = Morpheus;
				TargetAttributes = {
					AC6A34581ABC3BDA00AD1CC7 = {
						CreatedOnToolsVersion = 6.1.1;
					};
					AC6A346F1ABC3BDB00AD1CC7 = {
						CreatedOnToolsVersion = 6.1.1;
						TestTargetID = AC6A34581ABC3BDA00AD1CC7;
					};
				};
			};
			buildConfigurationList = AC6A34541ABC3BDA00AD1CC7 /* Build configuration list for PBXProject "Knock_0319" */;
			compatibilityVersion = "Xcode 3.2";
			developmentRegion = English;
			hasScannedForEncodings = 0;
			knownRegions = (
				en,
				Base,
			);
			mainGroup = AC6A34501ABC3BDA00AD1CC7;
			productRefGroup = AC6A345A1ABC3BDA00AD1CC7 /* Products */;
			projectDirPath = "";
			projectRoot = "";
			targets = (
				AC6A34581ABC3BDA00AD1CC7 /* Knock_0319 */,
				AC6A346F1ABC3BDB00AD1CC7 /* Knock_0319Tests */,
			);
		};
/* End PBXProject section */

/* Begin PBXResourcesBuildPhase section */
		AC6A34571ABC3BDA00AD1CC7 /* Resources */ = {
			isa = PBXResourcesBuildPhase;
			buildActionMask = 2147483647;
			files = (
				AC6A34661ABC3BDA00AD1CC7 /* Main.storyboard in Resources */,
				AC6A351A1ABC87DD00AD1CC7 /* JSQMessagesTypingIndicatorFooterView.xib in Resources */,
				AC6A34F01ABC87DD00AD1CC7 /* JSQMessagesAssets.bundle in Resources */,
				AC6A346B1ABC3BDA00AD1CC7 /* LaunchScreen.xib in Resources */,
				AC6A35151ABC87DD00AD1CC7 /* JSQMessagesLoadEarlierHeaderView.xib in Resources */,
				AC6A35101ABC87DD00AD1CC7 /* JSQMessagesCollectionViewCellOutgoing.xib in Resources */,
				AC6A34681ABC3BDA00AD1CC7 /* Images.xcassets in Resources */,
				AC6A34FA1ABC87DD00AD1CC7 /* JSQMessagesViewController.xib in Resources */,
				AC6A350E1ABC87DD00AD1CC7 /* JSQMessagesCollectionViewCellIncoming.xib in Resources */,
				AC6A35181ABC87DD00AD1CC7 /* JSQMessagesToolbarContentView.xib in Resources */,
			);
			runOnlyForDeploymentPostprocessing = 0;
		};
		AC6A346E1ABC3BDB00AD1CC7 /* Resources */ = {
			isa = PBXResourcesBuildPhase;
			buildActionMask = 2147483647;
			files = (
			);
			runOnlyForDeploymentPostprocessing = 0;
		};
/* End PBXResourcesBuildPhase section */

/* Begin PBXSourcesBuildPhase section */
		AC6A34551ABC3BDA00AD1CC7 /* Sources */ = {
			isa = PBXSourcesBuildPhase;
			buildActionMask = 2147483647;
			files = (
				AC6A34FC1ABC87DD00AD1CC7 /* JSQMessagesBubbleImageFactory.m in Sources */,
				AC6A35191ABC87DD00AD1CC7 /* JSQMessagesTypingIndicatorFooterView.m in Sources */,
				AC6A35041ABC87DD00AD1CC7 /* JSQMediaItem.m in Sources */,
				AC6A35051ABC87DD00AD1CC7 /* JSQMessage.m in Sources */,
				AC6A352F1ABE20D300AD1CC7 /* SwiftyJSON.swift in Sources */,
				AC6A350B1ABC87DD00AD1CC7 /* JSQMessagesCollectionView.m in Sources */,
				AC6A35241ABC955200AD1CC7 /* Network.swift in Sources */,
				ACDF194D1AC30B4A00853851 /* MBProgressHUD.m in Sources */,
				AC6A35011ABC87DD00AD1CC7 /* JSQMessagesCollectionViewFlowLayoutInvalidationContext.m in Sources */,
				AC6A34FD1ABC87DD00AD1CC7 /* JSQMessagesMediaViewBubbleImageMasker.m in Sources */,
				AC6A35111ABC87DD00AD1CC7 /* JSQMessagesComposerTextView.m in Sources */,
				AC6A34631ABC3BDA00AD1CC7 /* SecondViewController.swift in Sources */,
				AC6A35091ABC87DD00AD1CC7 /* JSQVideoMediaItem.m in Sources */,
				AC6A35131ABC87DD00AD1CC7 /* JSQMessagesLabel.m in Sources */,
				AC6A34FF1ABC87DD00AD1CC7 /* JSQMessagesToolbarButtonFactory.m in Sources */,
				AC6A34F91ABC87DD00AD1CC7 /* JSQMessagesViewController.m in Sources */,
				AC6A350F1ABC87DD00AD1CC7 /* JSQMessagesCollectionViewCellOutgoing.m in Sources */,
				AC6A350A1ABC87DD00AD1CC7 /* JSQMessagesCellTextView.m in Sources */,
				AC6A345F1ABC3BDA00AD1CC7 /* AppDelegate.swift in Sources */,
				AC6A34F71ABC87DD00AD1CC7 /* UIView+JSQMessages.m in Sources */,
				AC6A35201ABC89D000AD1CC7 /* JSQSystemSoundPlayer.m in Sources */,
				AC6A34F31ABC87DD00AD1CC7 /* NSString+JSQMessages.m in Sources */,
				AC6A34851ABC43A100AD1CC7 /* RoomListTableViewCell.swift in Sources */,
				AC6A35071ABC87DD00AD1CC7 /* JSQMessagesBubbleImage.m in Sources */,
				AC6A35121ABC87DD00AD1CC7 /* JSQMessagesInputToolbar.m in Sources */,
				AC6A34F51ABC87DD00AD1CC7 /* UIDevice+JSQMessages.m in Sources */,
				AC6A35171ABC87DD00AD1CC7 /* JSQMessagesToolbarContentView.m in Sources */,
				AC6A35021ABC87DD00AD1CC7 /* JSQMessagesCollectionViewLayoutAttributes.m in Sources */,
				AC6A34811ABC42E500AD1CC7 /* Roominfo.swift in Sources */,
				AC6A34F61ABC87DD00AD1CC7 /* UIImage+JSQMessages.m in Sources */,
				AC6A35161ABC87DD00AD1CC7 /* JSQMessagesMediaPlaceholderView.m in Sources */,
				AC6A35141ABC87DD00AD1CC7 /* JSQMessagesLoadEarlierHeaderView.m in Sources */,
				AC6A34611ABC3BDA00AD1CC7 /* FirstViewController.swift in Sources */,
				AC6A35031ABC87DD00AD1CC7 /* JSQLocationMediaItem.m in Sources */,
				AC6A34FB1ABC87DD00AD1CC7 /* JSQMessagesAvatarImageFactory.m in Sources */,
				AC6A34F81ABC87DD00AD1CC7 /* JSQMessagesKeyboardController.m in Sources */,
				ACF8D0BD1AC6A803003C93D2 /* Userinfo.swift in Sources */,
				AC6A34FE1ABC87DD00AD1CC7 /* JSQMessagesTimestampFormatter.m in Sources */,
				AC6A34F41ABC87DD00AD1CC7 /* UIColor+JSQMessages.m in Sources */,
				AC6A350C1ABC87DD00AD1CC7 /* JSQMessagesCollectionViewCell.m in Sources */,
				AC6A350D1ABC87DD00AD1CC7 /* JSQMessagesCollectionViewCellIncoming.m in Sources */,
				AC6A35081ABC87DD00AD1CC7 /* JSQPhotoMediaItem.m in Sources */,
				AC6A34F21ABC87DD00AD1CC7 /* NSBundle+JSQMessages.m in Sources */,
				AC6A35001ABC87DD00AD1CC7 /* JSQMessagesCollectionViewFlowLayout.m in Sources */,
				AC6A34881ABC460C00AD1CC7 /* Knock_0319.xcdatamodeld in Sources */,
				AC6A35061ABC87DD00AD1CC7 /* JSQMessagesAvatarImage.m in Sources */,
				AC6A34F11ABC87DD00AD1CC7 /* JSQSystemSoundPlayer+JSQMessages.m in Sources */,
				AC6A35221ABC929C00AD1CC7 /* ChatRoomViewController.swift in Sources */,
			);
			runOnlyForDeploymentPostprocessing = 0;
		};
		AC6A346C1ABC3BDB00AD1CC7 /* Sources */ = {
			isa = PBXSourcesBuildPhase;
			buildActionMask = 2147483647;
			files = (
				AC6A34771ABC3BDB00AD1CC7 /* Knock_0319Tests.swift in Sources */,
			);
			runOnlyForDeploymentPostprocessing = 0;
		};
/* End PBXSourcesBuildPhase section */

/* Begin PBXTargetDependency section */
		AC6A34721ABC3BDB00AD1CC7 /* PBXTargetDependency */ = {
			isa = PBXTargetDependency;
			target = AC6A34581ABC3BDA00AD1CC7 /* Knock_0319 */;
			targetProxy = AC6A34711ABC3BDB00AD1CC7 /* PBXContainerItemProxy */;
		};
/* End PBXTargetDependency section */

/* Begin PBXVariantGroup section */
		AC6A34641ABC3BDA00AD1CC7 /* Main.storyboard */ = {
			isa = PBXVariantGroup;
			children = (
				AC6A34651ABC3BDA00AD1CC7 /* Base */,
			);
			name = Main.storyboard;
			sourceTree = "<group>";
		};
		AC6A34691ABC3BDA00AD1CC7 /* LaunchScreen.xib */ = {
			isa = PBXVariantGroup;
			children = (
				AC6A346A1ABC3BDA00AD1CC7 /* Base */,
			);
			name = LaunchScreen.xib;
			sourceTree = "<group>";
		};
/* End PBXVariantGroup section */

/* Begin XCBuildConfiguration section */
		AC6A34781ABC3BDB00AD1CC7 /* Debug */ = {
			isa = XCBuildConfiguration;
			buildSettings = {
				ALWAYS_SEARCH_USER_PATHS = NO;
				CLANG_CXX_LANGUAGE_STANDARD = "gnu++0x";
				CLANG_CXX_LIBRARY = "libc++";
				CLANG_ENABLE_MODULES = YES;
				CLANG_ENABLE_OBJC_ARC = YES;
				CLANG_WARN_BOOL_CONVERSION = YES;
				CLANG_WARN_CONSTANT_CONVERSION = YES;
				CLANG_WARN_DIRECT_OBJC_ISA_USAGE = YES_ERROR;
				CLANG_WARN_EMPTY_BODY = YES;
				CLANG_WARN_ENUM_CONVERSION = YES;
				CLANG_WARN_INT_CONVERSION = YES;
				CLANG_WARN_OBJC_ROOT_CLASS = YES_ERROR;
				CLANG_WARN_UNREACHABLE_CODE = YES;
				CLANG_WARN__DUPLICATE_METHOD_MATCH = YES;
				"CODE_SIGN_IDENTITY[sdk=iphoneos*]" = "iPhone Developer";
				COPY_PHASE_STRIP = NO;
				ENABLE_STRICT_OBJC_MSGSEND = YES;
				GCC_C_LANGUAGE_STANDARD = gnu99;
				GCC_DYNAMIC_NO_PIC = NO;
				GCC_OPTIMIZATION_LEVEL = 0;
				GCC_PREPROCESSOR_DEFINITIONS = (
					"DEBUG=1",
					"$(inherited)",
				);
				GCC_SYMBOLS_PRIVATE_EXTERN = NO;
				GCC_WARN_64_TO_32_BIT_CONVERSION = YES;
				GCC_WARN_ABOUT_RETURN_TYPE = YES_ERROR;
				GCC_WARN_UNDECLARED_SELECTOR = YES;
				GCC_WARN_UNINITIALIZED_AUTOS = YES_AGGRESSIVE;
				GCC_WARN_UNUSED_FUNCTION = YES;
				GCC_WARN_UNUSED_VARIABLE = YES;
				IPHONEOS_DEPLOYMENT_TARGET = 8.1;
				MTL_ENABLE_DEBUG_INFO = YES;
				ONLY_ACTIVE_ARCH = YES;
				SDKROOT = iphoneos;
				SWIFT_OPTIMIZATION_LEVEL = "-Onone";
			};
			name = Debug;
		};
		AC6A34791ABC3BDB00AD1CC7 /* Release */ = {
			isa = XCBuildConfiguration;
			buildSettings = {
				ALWAYS_SEARCH_USER_PATHS = NO;
				CLANG_CXX_LANGUAGE_STANDARD = "gnu++0x";
				CLANG_CXX_LIBRARY = "libc++";
				CLANG_ENABLE_MODULES = YES;
				CLANG_ENABLE_OBJC_ARC = YES;
				CLANG_WARN_BOOL_CONVERSION = YES;
				CLANG_WARN_CONSTANT_CONVERSION = YES;
				CLANG_WARN_DIRECT_OBJC_ISA_USAGE = YES_ERROR;
				CLANG_WARN_EMPTY_BODY = YES;
				CLANG_WARN_ENUM_CONVERSION = YES;
				CLANG_WARN_INT_CONVERSION = YES;
				CLANG_WARN_OBJC_ROOT_CLASS = YES_ERROR;
				CLANG_WARN_UNREACHABLE_CODE = YES;
				CLANG_WARN__DUPLICATE_METHOD_MATCH = YES;
				"CODE_SIGN_IDENTITY[sdk=iphoneos*]" = "iPhone Developer";
				COPY_PHASE_STRIP = YES;
				ENABLE_NS_ASSERTIONS = NO;
				ENABLE_STRICT_OBJC_MSGSEND = YES;
				GCC_C_LANGUAGE_STANDARD = gnu99;
				GCC_WARN_64_TO_32_BIT_CONVERSION = YES;
				GCC_WARN_ABOUT_RETURN_TYPE = YES_ERROR;
				GCC_WARN_UNDECLARED_SELECTOR = YES;
				GCC_WARN_UNINITIALIZED_AUTOS = YES_AGGRESSIVE;
				GCC_WARN_UNUSED_FUNCTION = YES;
				GCC_WARN_UNUSED_VARIABLE = YES;
				IPHONEOS_DEPLOYMENT_TARGET = 8.1;
				MTL_ENABLE_DEBUG_INFO = NO;
				SDKROOT = iphoneos;
				VALIDATE_PRODUCT = YES;
			};
			name = Release;
		};
		AC6A347B1ABC3BDB00AD1CC7 /* Debug */ = {
			isa = XCBuildConfiguration;
			buildSettings = {
				ASSETCATALOG_COMPILER_APPICON_NAME = AppIcon;
				INFOPLIST_FILE = Knock_0319/Info.plist;
				LD_RUNPATH_SEARCH_PATHS = "$(inherited) @executable_path/Frameworks";
				PRODUCT_NAME = "$(TARGET_NAME)";
				SWIFT_OBJC_BRIDGING_HEADER = "Knock_0319/Bridge-Knock.h";
			};
			name = Debug;
		};
		AC6A347C1ABC3BDB00AD1CC7 /* Release */ = {
			isa = XCBuildConfiguration;
			buildSettings = {
				ASSETCATALOG_COMPILER_APPICON_NAME = AppIcon;
				INFOPLIST_FILE = Knock_0319/Info.plist;
				LD_RUNPATH_SEARCH_PATHS = "$(inherited) @executable_path/Frameworks";
				PRODUCT_NAME = "$(TARGET_NAME)";
				SWIFT_OBJC_BRIDGING_HEADER = "Knock_0319/Bridge-Knock.h";
			};
			name = Release;
		};
		AC6A347E1ABC3BDB00AD1CC7 /* Debug */ = {
			isa = XCBuildConfiguration;
			buildSettings = {
				BUNDLE_LOADER = "$(TEST_HOST)";
				FRAMEWORK_SEARCH_PATHS = (
					"$(SDKROOT)/Developer/Library/Frameworks",
					"$(inherited)",
				);
				GCC_PREPROCESSOR_DEFINITIONS = (
					"DEBUG=1",
					"$(inherited)",
				);
				INFOPLIST_FILE = Knock_0319Tests/Info.plist;
				LD_RUNPATH_SEARCH_PATHS = "$(inherited) @executable_path/Frameworks @loader_path/Frameworks";
				PRODUCT_NAME = "$(TARGET_NAME)";
				TEST_HOST = "$(BUILT_PRODUCTS_DIR)/Knock_0319.app/Knock_0319";
			};
			name = Debug;
		};
		AC6A347F1ABC3BDB00AD1CC7 /* Release */ = {
			isa = XCBuildConfiguration;
			buildSettings = {
				BUNDLE_LOADER = "$(TEST_HOST)";
				FRAMEWORK_SEARCH_PATHS = (
					"$(SDKROOT)/Developer/Library/Frameworks",
					"$(inherited)",
				);
				INFOPLIST_FILE = Knock_0319Tests/Info.plist;
				LD_RUNPATH_SEARCH_PATHS = "$(inherited) @executable_path/Frameworks @loader_path/Frameworks";
				PRODUCT_NAME = "$(TARGET_NAME)";
				TEST_HOST = "$(BUILT_PRODUCTS_DIR)/Knock_0319.app/Knock_0319";
			};
			name = Release;
		};
/* End XCBuildConfiguration section */

/* Begin XCConfigurationList section */
		AC6A34541ABC3BDA00AD1CC7 /* Build configuration list for PBXProject "Knock_0319" */ = {
			isa = XCConfigurationList;
			buildConfigurations = (
				AC6A34781ABC3BDB00AD1CC7 /* Debug */,
				AC6A34791ABC3BDB00AD1CC7 /* Release */,
			);
			defaultConfigurationIsVisible = 0;
			defaultConfigurationName = Release;
		};
		AC6A347A1ABC3BDB00AD1CC7 /* Build configuration list for PBXNativeTarget "Knock_0319" */ = {
			isa = XCConfigurationList;
			buildConfigurations = (
				AC6A347B1ABC3BDB00AD1CC7 /* Debug */,
				AC6A347C1ABC3BDB00AD1CC7 /* Release */,
			);
			defaultConfigurationIsVisible = 0;
			defaultConfigurationName = Release;
		};
		AC6A347D1ABC3BDB00AD1CC7 /* Build configuration list for PBXNativeTarget "Knock_0319Tests" */ = {
			isa = XCConfigurationList;
			buildConfigurations = (
				AC6A347E1ABC3BDB00AD1CC7 /* Debug */,
				AC6A347F1ABC3BDB00AD1CC7 /* Release */,
			);
			defaultConfigurationIsVisible = 0;
			defaultConfigurationName = Release;
		};
/* End XCConfigurationList section */

/* Begin XCVersionGroup section */
		AC6A34861ABC460C00AD1CC7 /* Knock_0319.xcdatamodeld */ = {
			isa = XCVersionGroup;
			children = (
				AC6A34871ABC460C00AD1CC7 /* Knock_0319.xcdatamodel */,
			);
			currentVersion = AC6A34871ABC460C00AD1CC7 /* Knock_0319.xcdatamodel */;
			path = Knock_0319.xcdatamodeld;
			sourceTree = "<group>";
			versionGroupType = wrapper.xcdatamodel;
		};
/* End XCVersionGroup section */
	};
	rootObject = AC6A34511ABC3BDA00AD1CC7 /* Project object */;
}
